# -------------------------------------------------------------------------- #
#
# Copyright (C) 2019  Intel Corporation. All rights reserved.
# Your use of Intel Corporation's design tools, logic functions 
# and other software and tools, and any partner logic 
# functions, and any output files from any of the foregoing 
# (including device programming or simulation files), and any 
# associated documentation or information are expressly subject 
# to the terms and conditions of the Intel Program License 
# Subscription Agreement, the Intel Quartus Prime License Agreement,
# the Intel FPGA IP License Agreement, or other applicable license
# agreement, including, without limitation, that your use is for
# the sole purpose of programming logic devices manufactured by
# Intel and sold by Intel or its authorized distributors.  Please
# refer to the applicable agreement for further details, at
# https://fpgasoftware.intel.com/eula.
#
# -------------------------------------------------------------------------- #
#
# Quartus Prime
# Version 19.1.0 Build 670 09/22/2019 SJ Lite Edition
# Date created = 22:27:50  February 21, 2020
#
# -------------------------------------------------------------------------- #
#
# Notes:
#
# 1) The default values for assignments are stored in the file:
#		max10_assignment_defaults.qdf
#    If this file doesn't exist, see file:
#		assignment_defaults.qdf
#
# 2) Altera recommends that you do not modify this file. This
#    file is updated automatically by the Quartus Prime software
#    and any changes you make may be lost or overwritten.
#
# -------------------------------------------------------------------------- #


set_global_assignment -name FAMILY "MAX 10"
set_global_assignment -name DEVICE 10M50DAF484C6GES
set_global_assignment -name TOP_LEVEL_ENTITY PdmTestTop
set_global_assignment -name ORIGINAL_QUARTUS_VERSION 19.1.0
set_global_assignment -name PROJECT_CREATION_TIME_DATE "22:27:50  FEBRUARY 21, 2020"
set_global_assignment -name LAST_QUARTUS_VERSION "19.1.0 Lite Edition"
set_global_assignment -name PROJECT_OUTPUT_DIRECTORY output_files
set_global_assignment -name MIN_CORE_JUNCTION_TEMP 0
set_global_assignment -name MAX_CORE_JUNCTION_TEMP 85
set_global_assignment -name ERROR_CHECK_FREQUENCY_DIVISOR 256
set_global_assignment -name EDA_SIMULATION_TOOL "ModelSim-Altera (Verilog)"
set_global_assignment -name EDA_TIME_SCALE "1 ps" -section_id eda_simulation
set_global_assignment -name EDA_OUTPUT_DATA_FORMAT "VERILOG HDL" -section_id eda_simulation
set_global_assignment -name EDA_GENERATE_FUNCTIONAL_NETLIST OFF -section_id eda_board_design_timing
set_global_assignment -name EDA_GENERATE_FUNCTIONAL_NETLIST OFF -section_id eda_board_design_symbol
set_global_assignment -name EDA_GENERATE_FUNCTIONAL_NETLIST OFF -section_id eda_board_design_signal_integrity
set_global_assignment -name EDA_GENERATE_FUNCTIONAL_NETLIST OFF -section_id eda_board_design_boundary_scan

set_global_assignment -name IOBANK_VCCIO 2.5V -section_id 1A
set_global_assignment -name IOBANK_VCCIO 2.5V -section_id 1B
set_global_assignment -name IOBANK_VCCIO 2.5V -section_id 2
set_global_assignment -name IOBANK_VCCIO 2.5V -section_id 3
set_global_assignment -name IOBANK_VCCIO 2.5V -section_id 4
set_global_assignment -name IOBANK_VCCIO 1.5V -section_id 5
set_global_assignment -name IOBANK_VCCIO 1.5V -section_id 6
set_global_assignment -name IOBANK_VCCIO 3.3V -section_id 7
set_global_assignment -name IOBANK_VCCIO 3.3V -section_id 8

set_global_assignment -name POWER_PRESET_COOLING_SOLUTION "23 MM HEAT SINK WITH 200 LFPM AIRFLOW"
set_global_assignment -name POWER_BOARD_THERMAL_MODEL "NONE (CONSERVATIVE)"
set_global_assignment -name PARTITION_NETLIST_TYPE SOURCE -section_id Top
set_global_assignment -name PARTITION_FITTER_PRESERVATION_LEVEL PLACEMENT_AND_ROUTING -section_id Top
set_global_assignment -name PARTITION_COLOR 16764057 -section_id Top
set_global_assignment -name ENABLE_OCT_DONE OFF
set_global_assignment -name EXTERNAL_FLASH_FALLBACK_ADDRESS 00000000
set_global_assignment -name USE_CONFIGURATION_DEVICE OFF
set_global_assignment -name INTERNAL_FLASH_UPDATE_MODE "SINGLE IMAGE WITH ERAM"
set_global_assignment -name CRC_ERROR_OPEN_DRAIN OFF
set_global_assignment -name OUTPUT_IO_TIMING_NEAR_END_VMEAS "HALF VCCIO" -rise
set_global_assignment -name OUTPUT_IO_TIMING_NEAR_END_VMEAS "HALF VCCIO" -fall
set_global_assignment -name OUTPUT_IO_TIMING_FAR_END_VMEAS "HALF SIGNAL SWING" -rise
set_global_assignment -name OUTPUT_IO_TIMING_FAR_END_VMEAS "HALF SIGNAL SWING" -fall
set_global_assignment -name ENABLE_SIGNALTAP ON

set_location_assignment PIN_M9 -to osc_clk_in
set_location_assignment PIN_L22 -to button

set_location_assignment PIN_E8 -to pdm_dat
set_location_assignment PIN_D5 -to pdm_sel
set_location_assignment PIN_A2 -to pdm_clk

set_instance_assignment -name IO_STANDARD "3.3-V LVCMOS" -to osc_clk_in
set_instance_assignment -name IO_STANDARD "3.3-V LVCMOS" -to pdm_dat
set_instance_assignment -name IO_STANDARD "3.3-V LVCMOS" -to pdm_sel
set_instance_assignment -name IO_STANDARD "3.3-V LVCMOS" -to pdm_clk

#set_location_assignment PIN_C8 -to pmod_a_2
#set_location_assignment PIN_A6 -to pmod_a_3
#set_location_assignment PIN_B7 -to pmod_a_4
#set_location_assignment PIN_D8 -to pmod_a_7
#set_location_assignment PIN_A4 -to pmod_a_8
#set_location_assignment PIN_E9 -to pmod_a_10

#set_location_assignment PIN_B5 -to pmod_b_3
#set_location_assignment PIN_C4 -to pmod_b_4
#set_location_assignment PIN_A3 -to pmod_b_8
#set_location_assignment PIN_B4 -to pmod_b_9
#set_location_assignment PIN_B3 -to pmod_b_10

set_instance_assignment -name IO_STANDARD "2.5 V" -to altera_reserved_tck
set_instance_assignment -name IO_STANDARD "2.5 V" -to altera_reserved_tdi
set_instance_assignment -name IO_STANDARD "2.5 V" -to altera_reserved_tdo
set_instance_assignment -name IO_STANDARD "2.5 V" -to altera_reserved_tms
set_instance_assignment -name IO_STANDARD "1.5 V" -to button

set_location_assignment PIN_F5 -to j20_pin1
set_location_assignment PIN_E4 -to j20_pin2
set_location_assignment PIN_F4 -to j20_pin3
set_location_assignment PIN_J3 -to j20_pin4
set_location_assignment PIN_J8 -to j20_pin5
set_location_assignment PIN_G4 -to j20_pin6
set_location_assignment PIN_J9 -to j20_pin7
set_location_assignment PIN_F3 -to j20_pin8
set_location_assignment PIN_H4 -to j20_pin12
set_location_assignment PIN_G3 -to j20_pin14

set_location_assignment PIN_T20 -to led0
set_location_assignment PIN_U22 -to led1
set_location_assignment PIN_U21 -to led2
set_location_assignment PIN_AA21 -to led3
set_location_assignment PIN_AA22 -to led4

set_instance_assignment -name IO_STANDARD "1.5 V" -to led0
set_instance_assignment -name IO_STANDARD "1.5 V" -to led1
set_instance_assignment -name IO_STANDARD "1.5 V" -to led2
set_instance_assignment -name IO_STANDARD "1.5 V" -to led3
set_instance_assignment -name IO_STANDARD "1.5 V" -to led4

set_location_assignment PIN_Y19 -to uart_rxd
set_location_assignment PIN_W18 -to uart_txd

set_global_assignment -name ON_CHIP_BITSTREAM_DECOMPRESSION OFF


set_global_assignment -name VERILOG_FILE ../spinal/PdmTestTop.v
set_global_assignment -name SDC_FILE pdm_test.sdc
set_global_assignment -name QIP_FILE ../altera_models/pll/pll.qip
set_global_assignment -name USE_SIGNALTAP_FILE stp1.stp
set_global_assignment -name SIGNALTAP_FILE stp1.stp
set_global_assignment -name SLD_NODE_CREATOR_ID 110 -section_id auto_signaltap_0
set_global_assignment -name SLD_NODE_ENTITY_NAME sld_signaltap -section_id auto_signaltap_0
set_instance_assignment -name CONNECT_TO_SLD_NODE_ENTITY_PORT acq_clk -to pdm_clk -section_id auto_signaltap_0
set_global_assignment -name SLD_NODE_PARAMETER_ASSIGNMENT "SLD_RAM_BLOCK_TYPE=AUTO" -section_id auto_signaltap_0
set_global_assignment -name SLD_NODE_PARAMETER_ASSIGNMENT "SLD_NODE_INFO=805334528" -section_id auto_signaltap_0
set_global_assignment -name SLD_NODE_PARAMETER_ASSIGNMENT "SLD_POWER_UP_TRIGGER=0" -section_id auto_signaltap_0
set_global_assignment -name SLD_NODE_PARAMETER_ASSIGNMENT "SLD_ATTRIBUTE_MEM_MODE=OFF" -section_id auto_signaltap_0
set_global_assignment -name SLD_NODE_PARAMETER_ASSIGNMENT "SLD_STATE_FLOW_USE_GENERATED=0" -section_id auto_signaltap_0
set_global_assignment -name SLD_NODE_PARAMETER_ASSIGNMENT "SLD_STATE_BITS=11" -section_id auto_signaltap_0
set_global_assignment -name SLD_NODE_PARAMETER_ASSIGNMENT "SLD_BUFFER_FULL_STOP=1" -section_id auto_signaltap_0
set_global_assignment -name SLD_NODE_PARAMETER_ASSIGNMENT "SLD_CURRENT_RESOURCE_WIDTH=1" -section_id auto_signaltap_0
set_global_assignment -name SLD_NODE_PARAMETER_ASSIGNMENT "SLD_INCREMENTAL_ROUTING=1" -section_id auto_signaltap_0
set_instance_assignment -name POST_FIT_CONNECT_TO_SLD_NODE_ENTITY_PORT crc[0] -to auto_signaltap_0|vcc -section_id auto_signaltap_0
set_instance_assignment -name POST_FIT_CONNECT_TO_SLD_NODE_ENTITY_PORT crc[3] -to auto_signaltap_0|vcc -section_id auto_signaltap_0
set_instance_assignment -name POST_FIT_CONNECT_TO_SLD_NODE_ENTITY_PORT crc[4] -to auto_signaltap_0|vcc -section_id auto_signaltap_0
set_instance_assignment -name POST_FIT_CONNECT_TO_SLD_NODE_ENTITY_PORT crc[8] -to auto_signaltap_0|vcc -section_id auto_signaltap_0
set_instance_assignment -name POST_FIT_CONNECT_TO_SLD_NODE_ENTITY_PORT crc[10] -to auto_signaltap_0|vcc -section_id auto_signaltap_0
set_instance_assignment -name POST_FIT_CONNECT_TO_SLD_NODE_ENTITY_PORT crc[11] -to auto_signaltap_0|vcc -section_id auto_signaltap_0
set_instance_assignment -name POST_FIT_CONNECT_TO_SLD_NODE_ENTITY_PORT crc[12] -to auto_signaltap_0|gnd -section_id auto_signaltap_0
set_instance_assignment -name POST_FIT_CONNECT_TO_SLD_NODE_ENTITY_PORT crc[13] -to auto_signaltap_0|gnd -section_id auto_signaltap_0
set_instance_assignment -name POST_FIT_CONNECT_TO_SLD_NODE_ENTITY_PORT crc[14] -to auto_signaltap_0|vcc -section_id auto_signaltap_0
set_instance_assignment -name POST_FIT_CONNECT_TO_SLD_NODE_ENTITY_PORT crc[15] -to auto_signaltap_0|gnd -section_id auto_signaltap_0
set_instance_assignment -name POST_FIT_CONNECT_TO_SLD_NODE_ENTITY_PORT crc[16] -to auto_signaltap_0|gnd -section_id auto_signaltap_0
set_instance_assignment -name POST_FIT_CONNECT_TO_SLD_NODE_ENTITY_PORT crc[18] -to auto_signaltap_0|vcc -section_id auto_signaltap_0
set_instance_assignment -name POST_FIT_CONNECT_TO_SLD_NODE_ENTITY_PORT crc[22] -to auto_signaltap_0|vcc -section_id auto_signaltap_0
set_instance_assignment -name POST_FIT_CONNECT_TO_SLD_NODE_ENTITY_PORT crc[23] -to auto_signaltap_0|gnd -section_id auto_signaltap_0
set_instance_assignment -name POST_FIT_CONNECT_TO_SLD_NODE_ENTITY_PORT crc[24] -to auto_signaltap_0|gnd -section_id auto_signaltap_0
set_instance_assignment -name POST_FIT_CONNECT_TO_SLD_NODE_ENTITY_PORT crc[27] -to auto_signaltap_0|gnd -section_id auto_signaltap_0
set_instance_assignment -name POST_FIT_CONNECT_TO_SLD_NODE_ENTITY_PORT crc[30] -to auto_signaltap_0|vcc -section_id auto_signaltap_0
set_global_assignment -name SLD_NODE_PARAMETER_ASSIGNMENT "SLD_TRIGGER_IN_ENABLED=0" -section_id auto_signaltap_0
set_global_assignment -name SLD_NODE_PARAMETER_ASSIGNMENT "SLD_TRIGGER_PIPELINE=0" -section_id auto_signaltap_0
set_global_assignment -name SLD_NODE_PARAMETER_ASSIGNMENT "SLD_RAM_PIPELINE=0" -section_id auto_signaltap_0
set_global_assignment -name SLD_NODE_PARAMETER_ASSIGNMENT "SLD_COUNTER_PIPELINE=0" -section_id auto_signaltap_0
set_global_assignment -name SLD_NODE_PARAMETER_ASSIGNMENT "SLD_TRIGGER_LEVEL_PIPELINE=1" -section_id auto_signaltap_0
set_instance_assignment -name POST_FIT_CONNECT_TO_SLD_NODE_ENTITY_PORT crc[5] -to auto_signaltap_0|vcc -section_id auto_signaltap_0
set_instance_assignment -name POST_FIT_CONNECT_TO_SLD_NODE_ENTITY_PORT crc[6] -to auto_signaltap_0|vcc -section_id auto_signaltap_0
set_instance_assignment -name POST_FIT_CONNECT_TO_SLD_NODE_ENTITY_PORT crc[9] -to auto_signaltap_0|gnd -section_id auto_signaltap_0
set_instance_assignment -name POST_FIT_CONNECT_TO_SLD_NODE_ENTITY_PORT crc[19] -to auto_signaltap_0|gnd -section_id auto_signaltap_0
set_instance_assignment -name POST_FIT_CONNECT_TO_SLD_NODE_ENTITY_PORT crc[21] -to auto_signaltap_0|vcc -section_id auto_signaltap_0
set_instance_assignment -name POST_FIT_CONNECT_TO_SLD_NODE_ENTITY_PORT crc[26] -to auto_signaltap_0|vcc -section_id auto_signaltap_0
set_instance_assignment -name POST_FIT_CONNECT_TO_SLD_NODE_ENTITY_PORT crc[28] -to auto_signaltap_0|gnd -section_id auto_signaltap_0
set_instance_assignment -name POST_FIT_CONNECT_TO_SLD_NODE_ENTITY_PORT crc[31] -to auto_signaltap_0|gnd -section_id auto_signaltap_0
set_instance_assignment -name POST_FIT_CONNECT_TO_SLD_NODE_ENTITY_PORT crc[2] -to auto_signaltap_0|gnd -section_id auto_signaltap_0
set_instance_assignment -name POST_FIT_CONNECT_TO_SLD_NODE_ENTITY_PORT crc[7] -to auto_signaltap_0|gnd -section_id auto_signaltap_0
set_instance_assignment -name POST_FIT_CONNECT_TO_SLD_NODE_ENTITY_PORT crc[1] -to auto_signaltap_0|gnd -section_id auto_signaltap_0
set_instance_assignment -name POST_FIT_CONNECT_TO_SLD_NODE_ENTITY_PORT crc[17] -to auto_signaltap_0|gnd -section_id auto_signaltap_0
set_instance_assignment -name POST_FIT_CONNECT_TO_SLD_NODE_ENTITY_PORT crc[20] -to auto_signaltap_0|vcc -section_id auto_signaltap_0
set_instance_assignment -name POST_FIT_CONNECT_TO_SLD_NODE_ENTITY_PORT crc[29] -to auto_signaltap_0|gnd -section_id auto_signaltap_0
set_global_assignment -name SLD_NODE_PARAMETER_ASSIGNMENT "SLD_STORAGE_QUALIFIER_INVERSION_MASK_LENGTH=1" -section_id auto_signaltap_0
set_global_assignment -name SLD_NODE_PARAMETER_ASSIGNMENT "SLD_STORAGE_QUALIFIER_GAP_RECORD=0" -section_id auto_signaltap_0
set_global_assignment -name SLD_NODE_PARAMETER_ASSIGNMENT "SLD_STORAGE_QUALIFIER_MODE=COMBINATIONAL" -section_id auto_signaltap_0
set_instance_assignment -name POST_FIT_CONNECT_TO_SLD_NODE_ENTITY_PORT crc[25] -to auto_signaltap_0|gnd -section_id auto_signaltap_0
set_global_assignment -name SLD_NODE_PARAMETER_ASSIGNMENT "SLD_TRIGGER_LEVEL=5" -section_id auto_signaltap_0
set_global_assignment -name SLD_NODE_PARAMETER_ASSIGNMENT "SLD_ENABLE_ADVANCED_TRIGGER=1" -section_id auto_signaltap_0
set_global_assignment -name SLD_NODE_PARAMETER_ASSIGNMENT "SLD_STORAGE_QUALIFIER_ENABLE_ADVANCED_CONDITION=1" -section_id auto_signaltap_0
set_global_assignment -name SLD_NODE_PARAMETER_ASSIGNMENT "SLD_STORAGE_QUALIFIER_PIPELINE=1" -section_id auto_signaltap_0
set_instance_assignment -name CONNECT_TO_SLD_NODE_ENTITY_PORT acq_trigger_in[0] -to "PdmFilter:pdm_u_pdm_filter|io_pcm[0]" -section_id auto_signaltap_0
set_instance_assignment -name CONNECT_TO_SLD_NODE_ENTITY_PORT acq_trigger_in[1] -to "PdmFilter:pdm_u_pdm_filter|io_pcm[10]" -section_id auto_signaltap_0
set_instance_assignment -name CONNECT_TO_SLD_NODE_ENTITY_PORT acq_trigger_in[2] -to "PdmFilter:pdm_u_pdm_filter|io_pcm[11]" -section_id auto_signaltap_0
set_instance_assignment -name CONNECT_TO_SLD_NODE_ENTITY_PORT acq_trigger_in[3] -to "PdmFilter:pdm_u_pdm_filter|io_pcm[12]" -section_id auto_signaltap_0
set_instance_assignment -name CONNECT_TO_SLD_NODE_ENTITY_PORT acq_trigger_in[4] -to "PdmFilter:pdm_u_pdm_filter|io_pcm[13]" -section_id auto_signaltap_0
set_instance_assignment -name CONNECT_TO_SLD_NODE_ENTITY_PORT acq_trigger_in[5] -to "PdmFilter:pdm_u_pdm_filter|io_pcm[14]" -section_id auto_signaltap_0
set_instance_assignment -name CONNECT_TO_SLD_NODE_ENTITY_PORT acq_trigger_in[6] -to "PdmFilter:pdm_u_pdm_filter|io_pcm[15]" -section_id auto_signaltap_0
set_instance_assignment -name CONNECT_TO_SLD_NODE_ENTITY_PORT acq_trigger_in[7] -to "PdmFilter:pdm_u_pdm_filter|io_pcm[16]" -section_id auto_signaltap_0
set_instance_assignment -name CONNECT_TO_SLD_NODE_ENTITY_PORT acq_trigger_in[8] -to "PdmFilter:pdm_u_pdm_filter|io_pcm[17]" -section_id auto_signaltap_0
set_instance_assignment -name CONNECT_TO_SLD_NODE_ENTITY_PORT acq_trigger_in[9] -to "PdmFilter:pdm_u_pdm_filter|io_pcm[18]" -section_id auto_signaltap_0
set_instance_assignment -name CONNECT_TO_SLD_NODE_ENTITY_PORT acq_trigger_in[10] -to "PdmFilter:pdm_u_pdm_filter|io_pcm[19]" -section_id auto_signaltap_0
set_instance_assignment -name CONNECT_TO_SLD_NODE_ENTITY_PORT acq_trigger_in[11] -to "PdmFilter:pdm_u_pdm_filter|io_pcm[1]" -section_id auto_signaltap_0
set_instance_assignment -name CONNECT_TO_SLD_NODE_ENTITY_PORT acq_trigger_in[12] -to "PdmFilter:pdm_u_pdm_filter|io_pcm[20]" -section_id auto_signaltap_0
set_instance_assignment -name CONNECT_TO_SLD_NODE_ENTITY_PORT acq_trigger_in[13] -to "PdmFilter:pdm_u_pdm_filter|io_pcm[21]" -section_id auto_signaltap_0
set_instance_assignment -name CONNECT_TO_SLD_NODE_ENTITY_PORT acq_trigger_in[14] -to "PdmFilter:pdm_u_pdm_filter|io_pcm[22]" -section_id auto_signaltap_0
set_instance_assignment -name CONNECT_TO_SLD_NODE_ENTITY_PORT acq_trigger_in[15] -to "PdmFilter:pdm_u_pdm_filter|io_pcm[23]" -section_id auto_signaltap_0
set_instance_assignment -name CONNECT_TO_SLD_NODE_ENTITY_PORT acq_trigger_in[16] -to "PdmFilter:pdm_u_pdm_filter|io_pcm[24]" -section_id auto_signaltap_0
set_instance_assignment -name CONNECT_TO_SLD_NODE_ENTITY_PORT acq_trigger_in[17] -to "PdmFilter:pdm_u_pdm_filter|io_pcm[25]" -section_id auto_signaltap_0
set_instance_assignment -name CONNECT_TO_SLD_NODE_ENTITY_PORT acq_data_in[0] -to "PdmFilter:pdm_u_pdm_filter|io_pcm[0]" -section_id auto_signaltap_0
set_instance_assignment -name CONNECT_TO_SLD_NODE_ENTITY_PORT acq_data_in[1] -to "PdmFilter:pdm_u_pdm_filter|io_pcm[10]" -section_id auto_signaltap_0
set_instance_assignment -name CONNECT_TO_SLD_NODE_ENTITY_PORT acq_data_in[2] -to "PdmFilter:pdm_u_pdm_filter|io_pcm[11]" -section_id auto_signaltap_0
set_instance_assignment -name CONNECT_TO_SLD_NODE_ENTITY_PORT acq_data_in[3] -to "PdmFilter:pdm_u_pdm_filter|io_pcm[12]" -section_id auto_signaltap_0
set_instance_assignment -name CONNECT_TO_SLD_NODE_ENTITY_PORT acq_data_in[4] -to "PdmFilter:pdm_u_pdm_filter|io_pcm[13]" -section_id auto_signaltap_0
set_instance_assignment -name CONNECT_TO_SLD_NODE_ENTITY_PORT acq_data_in[5] -to "PdmFilter:pdm_u_pdm_filter|io_pcm[14]" -section_id auto_signaltap_0
set_instance_assignment -name CONNECT_TO_SLD_NODE_ENTITY_PORT acq_data_in[6] -to "PdmFilter:pdm_u_pdm_filter|io_pcm[15]" -section_id auto_signaltap_0
set_instance_assignment -name CONNECT_TO_SLD_NODE_ENTITY_PORT acq_data_in[7] -to "PdmFilter:pdm_u_pdm_filter|io_pcm[16]" -section_id auto_signaltap_0
set_instance_assignment -name CONNECT_TO_SLD_NODE_ENTITY_PORT acq_data_in[8] -to "PdmFilter:pdm_u_pdm_filter|io_pcm[17]" -section_id auto_signaltap_0
set_instance_assignment -name CONNECT_TO_SLD_NODE_ENTITY_PORT acq_data_in[9] -to "PdmFilter:pdm_u_pdm_filter|io_pcm[18]" -section_id auto_signaltap_0
set_instance_assignment -name CONNECT_TO_SLD_NODE_ENTITY_PORT acq_data_in[10] -to "PdmFilter:pdm_u_pdm_filter|io_pcm[19]" -section_id auto_signaltap_0
set_instance_assignment -name CONNECT_TO_SLD_NODE_ENTITY_PORT acq_data_in[11] -to "PdmFilter:pdm_u_pdm_filter|io_pcm[1]" -section_id auto_signaltap_0
set_instance_assignment -name CONNECT_TO_SLD_NODE_ENTITY_PORT acq_data_in[12] -to "PdmFilter:pdm_u_pdm_filter|io_pcm[20]" -section_id auto_signaltap_0
set_instance_assignment -name CONNECT_TO_SLD_NODE_ENTITY_PORT acq_data_in[13] -to "PdmFilter:pdm_u_pdm_filter|io_pcm[21]" -section_id auto_signaltap_0
set_instance_assignment -name CONNECT_TO_SLD_NODE_ENTITY_PORT acq_data_in[14] -to "PdmFilter:pdm_u_pdm_filter|io_pcm[22]" -section_id auto_signaltap_0
set_instance_assignment -name CONNECT_TO_SLD_NODE_ENTITY_PORT acq_data_in[15] -to "PdmFilter:pdm_u_pdm_filter|io_pcm[23]" -section_id auto_signaltap_0
set_instance_assignment -name CONNECT_TO_SLD_NODE_ENTITY_PORT acq_data_in[16] -to "PdmFilter:pdm_u_pdm_filter|io_pcm[24]" -section_id auto_signaltap_0
set_instance_assignment -name CONNECT_TO_SLD_NODE_ENTITY_PORT acq_data_in[17] -to "PdmFilter:pdm_u_pdm_filter|io_pcm[25]" -section_id auto_signaltap_0
set_instance_assignment -name CONNECT_TO_SLD_NODE_ENTITY_PORT acq_storage_qualifier_in[0] -to "PdmFilter:pdm_u_pdm_filter|io_pcm[0]" -section_id auto_signaltap_0
set_instance_assignment -name CONNECT_TO_SLD_NODE_ENTITY_PORT acq_storage_qualifier_in[1] -to "PdmFilter:pdm_u_pdm_filter|io_pcm[10]" -section_id auto_signaltap_0
set_instance_assignment -name CONNECT_TO_SLD_NODE_ENTITY_PORT acq_storage_qualifier_in[2] -to "PdmFilter:pdm_u_pdm_filter|io_pcm[11]" -section_id auto_signaltap_0
set_instance_assignment -name CONNECT_TO_SLD_NODE_ENTITY_PORT acq_storage_qualifier_in[3] -to "PdmFilter:pdm_u_pdm_filter|io_pcm[12]" -section_id auto_signaltap_0
set_instance_assignment -name CONNECT_TO_SLD_NODE_ENTITY_PORT acq_storage_qualifier_in[4] -to "PdmFilter:pdm_u_pdm_filter|io_pcm[13]" -section_id auto_signaltap_0
set_instance_assignment -name CONNECT_TO_SLD_NODE_ENTITY_PORT acq_storage_qualifier_in[5] -to "PdmFilter:pdm_u_pdm_filter|io_pcm[14]" -section_id auto_signaltap_0
set_instance_assignment -name CONNECT_TO_SLD_NODE_ENTITY_PORT acq_storage_qualifier_in[6] -to "PdmFilter:pdm_u_pdm_filter|io_pcm[15]" -section_id auto_signaltap_0
set_instance_assignment -name CONNECT_TO_SLD_NODE_ENTITY_PORT acq_storage_qualifier_in[7] -to "PdmFilter:pdm_u_pdm_filter|io_pcm[16]" -section_id auto_signaltap_0
set_instance_assignment -name CONNECT_TO_SLD_NODE_ENTITY_PORT acq_storage_qualifier_in[8] -to "PdmFilter:pdm_u_pdm_filter|io_pcm[17]" -section_id auto_signaltap_0
set_instance_assignment -name CONNECT_TO_SLD_NODE_ENTITY_PORT acq_storage_qualifier_in[9] -to "PdmFilter:pdm_u_pdm_filter|io_pcm[18]" -section_id auto_signaltap_0
set_instance_assignment -name CONNECT_TO_SLD_NODE_ENTITY_PORT acq_storage_qualifier_in[10] -to "PdmFilter:pdm_u_pdm_filter|io_pcm[19]" -section_id auto_signaltap_0
set_instance_assignment -name CONNECT_TO_SLD_NODE_ENTITY_PORT acq_storage_qualifier_in[11] -to "PdmFilter:pdm_u_pdm_filter|io_pcm[1]" -section_id auto_signaltap_0
set_instance_assignment -name CONNECT_TO_SLD_NODE_ENTITY_PORT acq_storage_qualifier_in[12] -to "PdmFilter:pdm_u_pdm_filter|io_pcm[20]" -section_id auto_signaltap_0
set_instance_assignment -name CONNECT_TO_SLD_NODE_ENTITY_PORT acq_storage_qualifier_in[13] -to "PdmFilter:pdm_u_pdm_filter|io_pcm[21]" -section_id auto_signaltap_0
set_instance_assignment -name CONNECT_TO_SLD_NODE_ENTITY_PORT acq_storage_qualifier_in[14] -to "PdmFilter:pdm_u_pdm_filter|io_pcm[22]" -section_id auto_signaltap_0
set_instance_assignment -name CONNECT_TO_SLD_NODE_ENTITY_PORT acq_storage_qualifier_in[15] -to "PdmFilter:pdm_u_pdm_filter|io_pcm[23]" -section_id auto_signaltap_0
set_instance_assignment -name CONNECT_TO_SLD_NODE_ENTITY_PORT acq_storage_qualifier_in[16] -to "PdmFilter:pdm_u_pdm_filter|io_pcm[24]" -section_id auto_signaltap_0
set_instance_assignment -name CONNECT_TO_SLD_NODE_ENTITY_PORT acq_storage_qualifier_in[17] -to "PdmFilter:pdm_u_pdm_filter|io_pcm[25]" -section_id auto_signaltap_0
set_instance_assignment -name CONNECT_TO_SLD_NODE_ENTITY_PORT acq_trigger_in[18] -to "PdmFilter:pdm_u_pdm_filter|io_pcm[26]" -section_id auto_signaltap_0
set_instance_assignment -name CONNECT_TO_SLD_NODE_ENTITY_PORT acq_trigger_in[19] -to "PdmFilter:pdm_u_pdm_filter|io_pcm[27]" -section_id auto_signaltap_0
set_instance_assignment -name CONNECT_TO_SLD_NODE_ENTITY_PORT acq_trigger_in[20] -to "PdmFilter:pdm_u_pdm_filter|io_pcm[28]" -section_id auto_signaltap_0
set_instance_assignment -name CONNECT_TO_SLD_NODE_ENTITY_PORT acq_trigger_in[21] -to "PdmFilter:pdm_u_pdm_filter|io_pcm[29]" -section_id auto_signaltap_0
set_instance_assignment -name CONNECT_TO_SLD_NODE_ENTITY_PORT acq_trigger_in[22] -to "PdmFilter:pdm_u_pdm_filter|io_pcm[2]" -section_id auto_signaltap_0
set_instance_assignment -name CONNECT_TO_SLD_NODE_ENTITY_PORT acq_trigger_in[23] -to "PdmFilter:pdm_u_pdm_filter|io_pcm[3]" -section_id auto_signaltap_0
set_instance_assignment -name CONNECT_TO_SLD_NODE_ENTITY_PORT acq_trigger_in[24] -to "PdmFilter:pdm_u_pdm_filter|io_pcm[4]" -section_id auto_signaltap_0
set_instance_assignment -name CONNECT_TO_SLD_NODE_ENTITY_PORT acq_trigger_in[25] -to "PdmFilter:pdm_u_pdm_filter|io_pcm[5]" -section_id auto_signaltap_0
set_instance_assignment -name CONNECT_TO_SLD_NODE_ENTITY_PORT acq_trigger_in[26] -to "PdmFilter:pdm_u_pdm_filter|io_pcm[6]" -section_id auto_signaltap_0
set_instance_assignment -name CONNECT_TO_SLD_NODE_ENTITY_PORT acq_trigger_in[27] -to "PdmFilter:pdm_u_pdm_filter|io_pcm[7]" -section_id auto_signaltap_0
set_instance_assignment -name CONNECT_TO_SLD_NODE_ENTITY_PORT acq_trigger_in[28] -to "PdmFilter:pdm_u_pdm_filter|io_pcm[8]" -section_id auto_signaltap_0
set_instance_assignment -name CONNECT_TO_SLD_NODE_ENTITY_PORT acq_trigger_in[29] -to "PdmFilter:pdm_u_pdm_filter|io_pcm[9]" -section_id auto_signaltap_0
set_instance_assignment -name CONNECT_TO_SLD_NODE_ENTITY_PORT acq_trigger_in[30] -to "PdmFilter:pdm_u_pdm_filter|io_pcm_vld" -section_id auto_signaltap_0
set_instance_assignment -name CONNECT_TO_SLD_NODE_ENTITY_PORT acq_trigger_in[31] -to pdm_dat -section_id auto_signaltap_0
set_instance_assignment -name CONNECT_TO_SLD_NODE_ENTITY_PORT acq_data_in[18] -to "PdmFilter:pdm_u_pdm_filter|io_pcm[26]" -section_id auto_signaltap_0
set_instance_assignment -name CONNECT_TO_SLD_NODE_ENTITY_PORT acq_data_in[19] -to "PdmFilter:pdm_u_pdm_filter|io_pcm[27]" -section_id auto_signaltap_0
set_instance_assignment -name CONNECT_TO_SLD_NODE_ENTITY_PORT acq_data_in[20] -to "PdmFilter:pdm_u_pdm_filter|io_pcm[28]" -section_id auto_signaltap_0
set_instance_assignment -name CONNECT_TO_SLD_NODE_ENTITY_PORT acq_data_in[21] -to "PdmFilter:pdm_u_pdm_filter|io_pcm[29]" -section_id auto_signaltap_0
set_instance_assignment -name CONNECT_TO_SLD_NODE_ENTITY_PORT acq_data_in[22] -to "PdmFilter:pdm_u_pdm_filter|io_pcm[2]" -section_id auto_signaltap_0
set_instance_assignment -name CONNECT_TO_SLD_NODE_ENTITY_PORT acq_data_in[23] -to "PdmFilter:pdm_u_pdm_filter|io_pcm[3]" -section_id auto_signaltap_0
set_instance_assignment -name CONNECT_TO_SLD_NODE_ENTITY_PORT acq_data_in[24] -to "PdmFilter:pdm_u_pdm_filter|io_pcm[4]" -section_id auto_signaltap_0
set_instance_assignment -name CONNECT_TO_SLD_NODE_ENTITY_PORT acq_data_in[25] -to "PdmFilter:pdm_u_pdm_filter|io_pcm[5]" -section_id auto_signaltap_0
set_instance_assignment -name CONNECT_TO_SLD_NODE_ENTITY_PORT acq_data_in[26] -to "PdmFilter:pdm_u_pdm_filter|io_pcm[6]" -section_id auto_signaltap_0
set_instance_assignment -name CONNECT_TO_SLD_NODE_ENTITY_PORT acq_data_in[27] -to "PdmFilter:pdm_u_pdm_filter|io_pcm[7]" -section_id auto_signaltap_0
set_instance_assignment -name CONNECT_TO_SLD_NODE_ENTITY_PORT acq_data_in[28] -to "PdmFilter:pdm_u_pdm_filter|io_pcm[8]" -section_id auto_signaltap_0
set_instance_assignment -name CONNECT_TO_SLD_NODE_ENTITY_PORT acq_data_in[29] -to "PdmFilter:pdm_u_pdm_filter|io_pcm[9]" -section_id auto_signaltap_0
set_instance_assignment -name CONNECT_TO_SLD_NODE_ENTITY_PORT acq_data_in[30] -to "PdmFilter:pdm_u_pdm_filter|io_pcm_vld" -section_id auto_signaltap_0
set_instance_assignment -name CONNECT_TO_SLD_NODE_ENTITY_PORT acq_data_in[31] -to pdm_dat -section_id auto_signaltap_0
set_instance_assignment -name CONNECT_TO_SLD_NODE_ENTITY_PORT acq_storage_qualifier_in[18] -to "PdmFilter:pdm_u_pdm_filter|io_pcm[26]" -section_id auto_signaltap_0
set_instance_assignment -name CONNECT_TO_SLD_NODE_ENTITY_PORT acq_storage_qualifier_in[19] -to "PdmFilter:pdm_u_pdm_filter|io_pcm[27]" -section_id auto_signaltap_0
set_instance_assignment -name CONNECT_TO_SLD_NODE_ENTITY_PORT acq_storage_qualifier_in[20] -to "PdmFilter:pdm_u_pdm_filter|io_pcm[28]" -section_id auto_signaltap_0
set_instance_assignment -name CONNECT_TO_SLD_NODE_ENTITY_PORT acq_storage_qualifier_in[21] -to "PdmFilter:pdm_u_pdm_filter|io_pcm[29]" -section_id auto_signaltap_0
set_instance_assignment -name CONNECT_TO_SLD_NODE_ENTITY_PORT acq_storage_qualifier_in[22] -to "PdmFilter:pdm_u_pdm_filter|io_pcm[2]" -section_id auto_signaltap_0
set_instance_assignment -name CONNECT_TO_SLD_NODE_ENTITY_PORT acq_storage_qualifier_in[23] -to "PdmFilter:pdm_u_pdm_filter|io_pcm[3]" -section_id auto_signaltap_0
set_instance_assignment -name CONNECT_TO_SLD_NODE_ENTITY_PORT acq_storage_qualifier_in[24] -to "PdmFilter:pdm_u_pdm_filter|io_pcm[4]" -section_id auto_signaltap_0
set_instance_assignment -name CONNECT_TO_SLD_NODE_ENTITY_PORT acq_storage_qualifier_in[25] -to "PdmFilter:pdm_u_pdm_filter|io_pcm[5]" -section_id auto_signaltap_0
set_instance_assignment -name CONNECT_TO_SLD_NODE_ENTITY_PORT acq_storage_qualifier_in[26] -to "PdmFilter:pdm_u_pdm_filter|io_pcm[6]" -section_id auto_signaltap_0
set_instance_assignment -name CONNECT_TO_SLD_NODE_ENTITY_PORT acq_storage_qualifier_in[27] -to "PdmFilter:pdm_u_pdm_filter|io_pcm[7]" -section_id auto_signaltap_0
set_instance_assignment -name CONNECT_TO_SLD_NODE_ENTITY_PORT acq_storage_qualifier_in[28] -to "PdmFilter:pdm_u_pdm_filter|io_pcm[8]" -section_id auto_signaltap_0
set_instance_assignment -name CONNECT_TO_SLD_NODE_ENTITY_PORT acq_storage_qualifier_in[29] -to "PdmFilter:pdm_u_pdm_filter|io_pcm[9]" -section_id auto_signaltap_0
set_instance_assignment -name CONNECT_TO_SLD_NODE_ENTITY_PORT acq_storage_qualifier_in[30] -to "PdmFilter:pdm_u_pdm_filter|io_pcm_vld" -section_id auto_signaltap_0
set_instance_assignment -name CONNECT_TO_SLD_NODE_ENTITY_PORT acq_storage_qualifier_in[31] -to pdm_dat -section_id auto_signaltap_0
set_global_assignment -name SLD_NODE_PARAMETER_ASSIGNMENT "SLD_DATA_BITS=32" -section_id auto_signaltap_0
set_global_assignment -name SLD_NODE_PARAMETER_ASSIGNMENT "SLD_TRIGGER_BITS=32" -section_id auto_signaltap_0
set_global_assignment -name SLD_NODE_PARAMETER_ASSIGNMENT "SLD_STORAGE_QUALIFIER_BITS=32" -section_id auto_signaltap_0
set_global_assignment -name SLD_NODE_PARAMETER_ASSIGNMENT "SLD_ADVANCED_TRIGGER_ENTITY=basic,1,basic,1,sld_reserved_pdm_test_auto_signaltap_0_3_14aa,basic,1,basic,1," -section_id auto_signaltap_0
set_global_assignment -name SLD_NODE_PARAMETER_ASSIGNMENT "SLD_STORAGE_QUALIFIER_ADVANCED_CONDITION_ENTITY=sld_reserved_sq_pdm_test_auto_signaltap_0_1_5e43," -section_id auto_signaltap_0
set_global_assignment -name SLD_NODE_PARAMETER_ASSIGNMENT "SLD_INVERSION_MASK=0000000000000000000000000000000000000000000000000000000000000000000000000000000000000000000000000000000000000000000000000000000000000000000000000000000000000000000000000000000000000000000000000000000000000000000000000000000000000000000000000000000000000000000000000000000000000000000000000000000000000000000000000000000000000000000000000000000000000000000000000000000000000000000000000000000000000000000000000000" -section_id auto_signaltap_0
set_global_assignment -name SLD_NODE_PARAMETER_ASSIGNMENT "SLD_INVERSION_MASK_LENGTH=412" -section_id auto_signaltap_0
set_global_assignment -name SLD_NODE_PARAMETER_ASSIGNMENT "SLD_SEGMENT_SIZE=8192" -section_id auto_signaltap_0
set_global_assignment -name SLD_NODE_PARAMETER_ASSIGNMENT "SLD_SAMPLE_DEPTH=8192" -section_id auto_signaltap_0
set_global_assignment -name SLD_NODE_CREATOR_ID 110 -section_id auto_signaltap_1
set_global_assignment -name SLD_NODE_ENTITY_NAME sld_signaltap -section_id auto_signaltap_1
set_instance_assignment -name CONNECT_TO_SLD_NODE_ENTITY_PORT acq_clk -to "SpdifOut:spdif_u_spdif_out|clk_spdif" -section_id auto_signaltap_1
set_instance_assignment -name CONNECT_TO_SLD_NODE_ENTITY_PORT acq_trigger_in[0] -to "SpdifOut:spdif_u_spdif_out|frame_cntr_value[0]" -section_id auto_signaltap_1
set_instance_assignment -name CONNECT_TO_SLD_NODE_ENTITY_PORT acq_trigger_in[1] -to "SpdifOut:spdif_u_spdif_out|frame_cntr_value[1]" -section_id auto_signaltap_1
set_instance_assignment -name CONNECT_TO_SLD_NODE_ENTITY_PORT acq_trigger_in[2] -to "SpdifOut:spdif_u_spdif_out|frame_cntr_value[2]" -section_id auto_signaltap_1
set_instance_assignment -name CONNECT_TO_SLD_NODE_ENTITY_PORT acq_trigger_in[3] -to "SpdifOut:spdif_u_spdif_out|frame_cntr_value[3]" -section_id auto_signaltap_1
set_instance_assignment -name CONNECT_TO_SLD_NODE_ENTITY_PORT acq_trigger_in[4] -to "SpdifOut:spdif_u_spdif_out|frame_cntr_value[4]" -section_id auto_signaltap_1
set_instance_assignment -name CONNECT_TO_SLD_NODE_ENTITY_PORT acq_trigger_in[5] -to "SpdifOut:spdif_u_spdif_out|frame_cntr_value[5]" -section_id auto_signaltap_1
set_instance_assignment -name CONNECT_TO_SLD_NODE_ENTITY_PORT acq_trigger_in[6] -to "SpdifOut:spdif_u_spdif_out|frame_cntr_value[6]" -section_id auto_signaltap_1
set_instance_assignment -name CONNECT_TO_SLD_NODE_ENTITY_PORT acq_trigger_in[7] -to "SpdifOut:spdif_u_spdif_out|frame_cntr_value[7]" -section_id auto_signaltap_1
set_instance_assignment -name CONNECT_TO_SLD_NODE_ENTITY_PORT acq_trigger_in[8] -to "SpdifOut:spdif_u_spdif_out|frame_cntr_willOverflow" -section_id auto_signaltap_1
set_instance_assignment -name CONNECT_TO_SLD_NODE_ENTITY_PORT acq_trigger_in[9] -to "SpdifOut:spdif_u_spdif_out|io_audio_samples_0[0]" -section_id auto_signaltap_1
set_instance_assignment -name CONNECT_TO_SLD_NODE_ENTITY_PORT acq_trigger_in[10] -to "SpdifOut:spdif_u_spdif_out|io_audio_samples_0[10]" -section_id auto_signaltap_1
set_instance_assignment -name CONNECT_TO_SLD_NODE_ENTITY_PORT acq_trigger_in[11] -to "SpdifOut:spdif_u_spdif_out|io_audio_samples_0[11]" -section_id auto_signaltap_1
set_instance_assignment -name CONNECT_TO_SLD_NODE_ENTITY_PORT acq_trigger_in[12] -to "SpdifOut:spdif_u_spdif_out|io_audio_samples_0[12]" -section_id auto_signaltap_1
set_instance_assignment -name CONNECT_TO_SLD_NODE_ENTITY_PORT acq_trigger_in[13] -to "SpdifOut:spdif_u_spdif_out|io_audio_samples_0[13]" -section_id auto_signaltap_1
set_instance_assignment -name CONNECT_TO_SLD_NODE_ENTITY_PORT acq_trigger_in[14] -to "SpdifOut:spdif_u_spdif_out|io_audio_samples_0[14]" -section_id auto_signaltap_1
set_instance_assignment -name CONNECT_TO_SLD_NODE_ENTITY_PORT acq_trigger_in[15] -to "SpdifOut:spdif_u_spdif_out|io_audio_samples_0[15]" -section_id auto_signaltap_1
set_instance_assignment -name CONNECT_TO_SLD_NODE_ENTITY_PORT acq_trigger_in[16] -to "SpdifOut:spdif_u_spdif_out|io_audio_samples_0[1]" -section_id auto_signaltap_1
set_instance_assignment -name CONNECT_TO_SLD_NODE_ENTITY_PORT acq_trigger_in[17] -to "SpdifOut:spdif_u_spdif_out|io_audio_samples_0[2]" -section_id auto_signaltap_1
set_instance_assignment -name CONNECT_TO_SLD_NODE_ENTITY_PORT acq_trigger_in[18] -to "SpdifOut:spdif_u_spdif_out|io_audio_samples_0[3]" -section_id auto_signaltap_1
set_instance_assignment -name CONNECT_TO_SLD_NODE_ENTITY_PORT acq_trigger_in[19] -to "SpdifOut:spdif_u_spdif_out|io_audio_samples_0[4]" -section_id auto_signaltap_1
set_instance_assignment -name CONNECT_TO_SLD_NODE_ENTITY_PORT acq_trigger_in[20] -to "SpdifOut:spdif_u_spdif_out|io_audio_samples_0[5]" -section_id auto_signaltap_1
set_instance_assignment -name CONNECT_TO_SLD_NODE_ENTITY_PORT acq_trigger_in[21] -to "SpdifOut:spdif_u_spdif_out|io_audio_samples_0[6]" -section_id auto_signaltap_1
set_instance_assignment -name CONNECT_TO_SLD_NODE_ENTITY_PORT acq_trigger_in[22] -to "SpdifOut:spdif_u_spdif_out|io_audio_samples_0[7]" -section_id auto_signaltap_1
set_instance_assignment -name CONNECT_TO_SLD_NODE_ENTITY_PORT acq_trigger_in[23] -to "SpdifOut:spdif_u_spdif_out|io_audio_samples_0[8]" -section_id auto_signaltap_1
set_instance_assignment -name CONNECT_TO_SLD_NODE_ENTITY_PORT acq_trigger_in[24] -to "SpdifOut:spdif_u_spdif_out|io_audio_samples_0[9]" -section_id auto_signaltap_1
set_instance_assignment -name CONNECT_TO_SLD_NODE_ENTITY_PORT acq_trigger_in[25] -to "SpdifOut:spdif_u_spdif_out|io_audio_samples_1[0]" -section_id auto_signaltap_1
set_instance_assignment -name CONNECT_TO_SLD_NODE_ENTITY_PORT acq_trigger_in[26] -to "SpdifOut:spdif_u_spdif_out|io_audio_samples_1[10]" -section_id auto_signaltap_1
set_instance_assignment -name CONNECT_TO_SLD_NODE_ENTITY_PORT acq_trigger_in[27] -to "SpdifOut:spdif_u_spdif_out|io_audio_samples_1[11]" -section_id auto_signaltap_1
set_instance_assignment -name CONNECT_TO_SLD_NODE_ENTITY_PORT acq_trigger_in[28] -to "SpdifOut:spdif_u_spdif_out|io_audio_samples_1[12]" -section_id auto_signaltap_1
set_instance_assignment -name CONNECT_TO_SLD_NODE_ENTITY_PORT acq_trigger_in[29] -to "SpdifOut:spdif_u_spdif_out|io_audio_samples_1[13]" -section_id auto_signaltap_1
set_instance_assignment -name CONNECT_TO_SLD_NODE_ENTITY_PORT acq_trigger_in[30] -to "SpdifOut:spdif_u_spdif_out|io_audio_samples_1[14]" -section_id auto_signaltap_1
set_instance_assignment -name CONNECT_TO_SLD_NODE_ENTITY_PORT acq_trigger_in[31] -to "SpdifOut:spdif_u_spdif_out|io_audio_samples_1[15]" -section_id auto_signaltap_1
set_instance_assignment -name CONNECT_TO_SLD_NODE_ENTITY_PORT acq_trigger_in[32] -to "SpdifOut:spdif_u_spdif_out|io_audio_samples_1[1]" -section_id auto_signaltap_1
set_instance_assignment -name CONNECT_TO_SLD_NODE_ENTITY_PORT acq_trigger_in[33] -to "SpdifOut:spdif_u_spdif_out|io_audio_samples_1[2]" -section_id auto_signaltap_1
set_instance_assignment -name CONNECT_TO_SLD_NODE_ENTITY_PORT acq_trigger_in[34] -to "SpdifOut:spdif_u_spdif_out|io_audio_samples_1[3]" -section_id auto_signaltap_1
set_instance_assignment -name CONNECT_TO_SLD_NODE_ENTITY_PORT acq_trigger_in[35] -to "SpdifOut:spdif_u_spdif_out|io_audio_samples_1[4]" -section_id auto_signaltap_1
set_instance_assignment -name CONNECT_TO_SLD_NODE_ENTITY_PORT acq_trigger_in[36] -to "SpdifOut:spdif_u_spdif_out|io_audio_samples_1[5]" -section_id auto_signaltap_1
set_instance_assignment -name CONNECT_TO_SLD_NODE_ENTITY_PORT acq_trigger_in[37] -to "SpdifOut:spdif_u_spdif_out|io_audio_samples_1[6]" -section_id auto_signaltap_1
set_instance_assignment -name CONNECT_TO_SLD_NODE_ENTITY_PORT acq_trigger_in[38] -to "SpdifOut:spdif_u_spdif_out|io_audio_samples_1[7]" -section_id auto_signaltap_1
set_instance_assignment -name CONNECT_TO_SLD_NODE_ENTITY_PORT acq_trigger_in[39] -to "SpdifOut:spdif_u_spdif_out|io_audio_samples_1[8]" -section_id auto_signaltap_1
set_instance_assignment -name CONNECT_TO_SLD_NODE_ENTITY_PORT acq_trigger_in[40] -to "SpdifOut:spdif_u_spdif_out|io_audio_samples_1[9]" -section_id auto_signaltap_1
set_instance_assignment -name CONNECT_TO_SLD_NODE_ENTITY_PORT acq_trigger_in[41] -to "SpdifOut:spdif_u_spdif_out|io_audio_samples_rdy" -section_id auto_signaltap_1
set_instance_assignment -name CONNECT_TO_SLD_NODE_ENTITY_PORT acq_trigger_in[42] -to "SpdifOut:spdif_u_spdif_out|output_data[0]" -section_id auto_signaltap_1
set_instance_assignment -name CONNECT_TO_SLD_NODE_ENTITY_PORT acq_trigger_in[43] -to "SpdifOut:spdif_u_spdif_out|output_data[10]" -section_id auto_signaltap_1
set_instance_assignment -name CONNECT_TO_SLD_NODE_ENTITY_PORT acq_trigger_in[44] -to "SpdifOut:spdif_u_spdif_out|output_data[11]" -section_id auto_signaltap_1
set_instance_assignment -name CONNECT_TO_SLD_NODE_ENTITY_PORT acq_trigger_in[45] -to "SpdifOut:spdif_u_spdif_out|output_data[12]" -section_id auto_signaltap_1
set_instance_assignment -name CONNECT_TO_SLD_NODE_ENTITY_PORT acq_trigger_in[46] -to "SpdifOut:spdif_u_spdif_out|output_data[13]" -section_id auto_signaltap_1
set_instance_assignment -name CONNECT_TO_SLD_NODE_ENTITY_PORT acq_trigger_in[47] -to "SpdifOut:spdif_u_spdif_out|output_data[14]" -section_id auto_signaltap_1
set_instance_assignment -name CONNECT_TO_SLD_NODE_ENTITY_PORT acq_trigger_in[48] -to "SpdifOut:spdif_u_spdif_out|output_data[15]" -section_id auto_signaltap_1
set_instance_assignment -name CONNECT_TO_SLD_NODE_ENTITY_PORT acq_trigger_in[49] -to "SpdifOut:spdif_u_spdif_out|output_data[16]" -section_id auto_signaltap_1
set_instance_assignment -name CONNECT_TO_SLD_NODE_ENTITY_PORT acq_trigger_in[50] -to "SpdifOut:spdif_u_spdif_out|output_data[17]" -section_id auto_signaltap_1
set_instance_assignment -name CONNECT_TO_SLD_NODE_ENTITY_PORT acq_trigger_in[51] -to "SpdifOut:spdif_u_spdif_out|output_data[18]" -section_id auto_signaltap_1
set_instance_assignment -name CONNECT_TO_SLD_NODE_ENTITY_PORT acq_trigger_in[52] -to "SpdifOut:spdif_u_spdif_out|output_data[19]" -section_id auto_signaltap_1
set_instance_assignment -name CONNECT_TO_SLD_NODE_ENTITY_PORT acq_trigger_in[53] -to "SpdifOut:spdif_u_spdif_out|output_data[1]" -section_id auto_signaltap_1
set_instance_assignment -name CONNECT_TO_SLD_NODE_ENTITY_PORT acq_trigger_in[54] -to "SpdifOut:spdif_u_spdif_out|output_data[20]" -section_id auto_signaltap_1
set_instance_assignment -name CONNECT_TO_SLD_NODE_ENTITY_PORT acq_trigger_in[55] -to "SpdifOut:spdif_u_spdif_out|output_data[21]" -section_id auto_signaltap_1
set_instance_assignment -name CONNECT_TO_SLD_NODE_ENTITY_PORT acq_trigger_in[56] -to "SpdifOut:spdif_u_spdif_out|output_data[22]" -section_id auto_signaltap_1
set_instance_assignment -name CONNECT_TO_SLD_NODE_ENTITY_PORT acq_trigger_in[57] -to "SpdifOut:spdif_u_spdif_out|output_data[23]" -section_id auto_signaltap_1
set_instance_assignment -name CONNECT_TO_SLD_NODE_ENTITY_PORT acq_trigger_in[58] -to "SpdifOut:spdif_u_spdif_out|output_data[24]" -section_id auto_signaltap_1
set_instance_assignment -name CONNECT_TO_SLD_NODE_ENTITY_PORT acq_trigger_in[59] -to "SpdifOut:spdif_u_spdif_out|output_data[25]" -section_id auto_signaltap_1
set_instance_assignment -name CONNECT_TO_SLD_NODE_ENTITY_PORT acq_trigger_in[60] -to "SpdifOut:spdif_u_spdif_out|output_data[26]" -section_id auto_signaltap_1
set_instance_assignment -name CONNECT_TO_SLD_NODE_ENTITY_PORT acq_trigger_in[61] -to "SpdifOut:spdif_u_spdif_out|output_data[27]" -section_id auto_signaltap_1
set_instance_assignment -name CONNECT_TO_SLD_NODE_ENTITY_PORT acq_trigger_in[62] -to "SpdifOut:spdif_u_spdif_out|output_data[28]" -section_id auto_signaltap_1
set_instance_assignment -name CONNECT_TO_SLD_NODE_ENTITY_PORT acq_trigger_in[63] -to "SpdifOut:spdif_u_spdif_out|output_data[29]" -section_id auto_signaltap_1
set_instance_assignment -name CONNECT_TO_SLD_NODE_ENTITY_PORT acq_trigger_in[64] -to "SpdifOut:spdif_u_spdif_out|output_data[2]" -section_id auto_signaltap_1
set_instance_assignment -name CONNECT_TO_SLD_NODE_ENTITY_PORT acq_trigger_in[65] -to "SpdifOut:spdif_u_spdif_out|output_data[30]" -section_id auto_signaltap_1
set_instance_assignment -name CONNECT_TO_SLD_NODE_ENTITY_PORT acq_trigger_in[66] -to "SpdifOut:spdif_u_spdif_out|output_data[31]" -section_id auto_signaltap_1
set_instance_assignment -name CONNECT_TO_SLD_NODE_ENTITY_PORT acq_trigger_in[67] -to "SpdifOut:spdif_u_spdif_out|output_data[3]" -section_id auto_signaltap_1
set_instance_assignment -name CONNECT_TO_SLD_NODE_ENTITY_PORT acq_trigger_in[68] -to "SpdifOut:spdif_u_spdif_out|output_data[4]" -section_id auto_signaltap_1
set_instance_assignment -name CONNECT_TO_SLD_NODE_ENTITY_PORT acq_trigger_in[69] -to "SpdifOut:spdif_u_spdif_out|output_data[5]" -section_id auto_signaltap_1
set_instance_assignment -name CONNECT_TO_SLD_NODE_ENTITY_PORT acq_trigger_in[70] -to "SpdifOut:spdif_u_spdif_out|output_data[6]" -section_id auto_signaltap_1
set_instance_assignment -name CONNECT_TO_SLD_NODE_ENTITY_PORT acq_trigger_in[71] -to "SpdifOut:spdif_u_spdif_out|output_data[7]" -section_id auto_signaltap_1
set_instance_assignment -name CONNECT_TO_SLD_NODE_ENTITY_PORT acq_trigger_in[72] -to "SpdifOut:spdif_u_spdif_out|output_data[8]" -section_id auto_signaltap_1
set_instance_assignment -name CONNECT_TO_SLD_NODE_ENTITY_PORT acq_trigger_in[73] -to "SpdifOut:spdif_u_spdif_out|output_data[9]" -section_id auto_signaltap_1
set_instance_assignment -name CONNECT_TO_SLD_NODE_ENTITY_PORT acq_trigger_in[74] -to "SpdifOut:spdif_u_spdif_out|preamble[0]" -section_id auto_signaltap_1
set_instance_assignment -name CONNECT_TO_SLD_NODE_ENTITY_PORT acq_trigger_in[75] -to "SpdifOut:spdif_u_spdif_out|preamble[1]" -section_id auto_signaltap_1
set_instance_assignment -name CONNECT_TO_SLD_NODE_ENTITY_PORT acq_trigger_in[76] -to "SpdifOut:spdif_u_spdif_out|preamble[2]" -section_id auto_signaltap_1
set_instance_assignment -name CONNECT_TO_SLD_NODE_ENTITY_PORT acq_trigger_in[77] -to "SpdifOut:spdif_u_spdif_out|preamble[3]" -section_id auto_signaltap_1
set_instance_assignment -name CONNECT_TO_SLD_NODE_ENTITY_PORT acq_trigger_in[78] -to "SpdifOut:spdif_u_spdif_out|preamble[4]" -section_id auto_signaltap_1
set_instance_assignment -name CONNECT_TO_SLD_NODE_ENTITY_PORT acq_trigger_in[79] -to "SpdifOut:spdif_u_spdif_out|preamble[5]" -section_id auto_signaltap_1
set_instance_assignment -name CONNECT_TO_SLD_NODE_ENTITY_PORT acq_trigger_in[80] -to "SpdifOut:spdif_u_spdif_out|preamble[6]" -section_id auto_signaltap_1
set_instance_assignment -name CONNECT_TO_SLD_NODE_ENTITY_PORT acq_trigger_in[81] -to "SpdifOut:spdif_u_spdif_out|preamble[7]" -section_id auto_signaltap_1
set_instance_assignment -name CONNECT_TO_SLD_NODE_ENTITY_PORT acq_trigger_in[82] -to "SpdifOut:spdif_u_spdif_out|preceding_state" -section_id auto_signaltap_1
set_instance_assignment -name CONNECT_TO_SLD_NODE_ENTITY_PORT acq_trigger_in[83] -to "SpdifOut:spdif_u_spdif_out|spdif_out" -section_id auto_signaltap_1
set_instance_assignment -name CONNECT_TO_SLD_NODE_ENTITY_PORT acq_trigger_in[84] -to "SpdifOut:spdif_u_spdif_out|subframe_cntr_value[0]" -section_id auto_signaltap_1
set_instance_assignment -name CONNECT_TO_SLD_NODE_ENTITY_PORT acq_trigger_in[85] -to "SpdifOut:spdif_u_spdif_out|subframe_cntr_willOverflow" -section_id auto_signaltap_1
set_instance_assignment -name CONNECT_TO_SLD_NODE_ENTITY_PORT acq_trigger_in[86] -to "SpdifOut:spdif_u_spdif_out|time_slot_cntr_value[0]" -section_id auto_signaltap_1
set_instance_assignment -name CONNECT_TO_SLD_NODE_ENTITY_PORT acq_trigger_in[87] -to "SpdifOut:spdif_u_spdif_out|time_slot_cntr_value[1]" -section_id auto_signaltap_1
set_instance_assignment -name CONNECT_TO_SLD_NODE_ENTITY_PORT acq_trigger_in[88] -to "SpdifOut:spdif_u_spdif_out|time_slot_cntr_value[2]" -section_id auto_signaltap_1
set_instance_assignment -name CONNECT_TO_SLD_NODE_ENTITY_PORT acq_trigger_in[89] -to "SpdifOut:spdif_u_spdif_out|time_slot_cntr_value[3]" -section_id auto_signaltap_1
set_instance_assignment -name CONNECT_TO_SLD_NODE_ENTITY_PORT acq_trigger_in[90] -to "SpdifOut:spdif_u_spdif_out|time_slot_cntr_value[4]" -section_id auto_signaltap_1
set_instance_assignment -name CONNECT_TO_SLD_NODE_ENTITY_PORT acq_trigger_in[91] -to "SpdifOut:spdif_u_spdif_out|time_slot_cntr_value[5]" -section_id auto_signaltap_1
set_instance_assignment -name CONNECT_TO_SLD_NODE_ENTITY_PORT acq_data_in[0] -to "SpdifOut:spdif_u_spdif_out|frame_cntr_value[0]" -section_id auto_signaltap_1
set_instance_assignment -name CONNECT_TO_SLD_NODE_ENTITY_PORT acq_data_in[1] -to "SpdifOut:spdif_u_spdif_out|frame_cntr_value[1]" -section_id auto_signaltap_1
set_instance_assignment -name CONNECT_TO_SLD_NODE_ENTITY_PORT acq_data_in[2] -to "SpdifOut:spdif_u_spdif_out|frame_cntr_value[2]" -section_id auto_signaltap_1
set_instance_assignment -name CONNECT_TO_SLD_NODE_ENTITY_PORT acq_data_in[3] -to "SpdifOut:spdif_u_spdif_out|frame_cntr_value[3]" -section_id auto_signaltap_1
set_instance_assignment -name CONNECT_TO_SLD_NODE_ENTITY_PORT acq_data_in[4] -to "SpdifOut:spdif_u_spdif_out|frame_cntr_value[4]" -section_id auto_signaltap_1
set_instance_assignment -name CONNECT_TO_SLD_NODE_ENTITY_PORT acq_data_in[5] -to "SpdifOut:spdif_u_spdif_out|frame_cntr_value[5]" -section_id auto_signaltap_1
set_instance_assignment -name CONNECT_TO_SLD_NODE_ENTITY_PORT acq_data_in[6] -to "SpdifOut:spdif_u_spdif_out|frame_cntr_value[6]" -section_id auto_signaltap_1
set_instance_assignment -name CONNECT_TO_SLD_NODE_ENTITY_PORT acq_data_in[7] -to "SpdifOut:spdif_u_spdif_out|frame_cntr_value[7]" -section_id auto_signaltap_1
set_instance_assignment -name CONNECT_TO_SLD_NODE_ENTITY_PORT acq_data_in[8] -to "SpdifOut:spdif_u_spdif_out|frame_cntr_willOverflow" -section_id auto_signaltap_1
set_instance_assignment -name CONNECT_TO_SLD_NODE_ENTITY_PORT acq_data_in[9] -to "SpdifOut:spdif_u_spdif_out|io_audio_samples_0[0]" -section_id auto_signaltap_1
set_instance_assignment -name CONNECT_TO_SLD_NODE_ENTITY_PORT acq_data_in[10] -to "SpdifOut:spdif_u_spdif_out|io_audio_samples_0[10]" -section_id auto_signaltap_1
set_instance_assignment -name CONNECT_TO_SLD_NODE_ENTITY_PORT acq_data_in[11] -to "SpdifOut:spdif_u_spdif_out|io_audio_samples_0[11]" -section_id auto_signaltap_1
set_instance_assignment -name CONNECT_TO_SLD_NODE_ENTITY_PORT acq_data_in[12] -to "SpdifOut:spdif_u_spdif_out|io_audio_samples_0[12]" -section_id auto_signaltap_1
set_instance_assignment -name CONNECT_TO_SLD_NODE_ENTITY_PORT acq_data_in[13] -to "SpdifOut:spdif_u_spdif_out|io_audio_samples_0[13]" -section_id auto_signaltap_1
set_instance_assignment -name CONNECT_TO_SLD_NODE_ENTITY_PORT acq_data_in[14] -to "SpdifOut:spdif_u_spdif_out|io_audio_samples_0[14]" -section_id auto_signaltap_1
set_instance_assignment -name CONNECT_TO_SLD_NODE_ENTITY_PORT acq_data_in[15] -to "SpdifOut:spdif_u_spdif_out|io_audio_samples_0[15]" -section_id auto_signaltap_1
set_instance_assignment -name CONNECT_TO_SLD_NODE_ENTITY_PORT acq_data_in[16] -to "SpdifOut:spdif_u_spdif_out|io_audio_samples_0[1]" -section_id auto_signaltap_1
set_instance_assignment -name CONNECT_TO_SLD_NODE_ENTITY_PORT acq_data_in[17] -to "SpdifOut:spdif_u_spdif_out|io_audio_samples_0[2]" -section_id auto_signaltap_1
set_instance_assignment -name CONNECT_TO_SLD_NODE_ENTITY_PORT acq_data_in[18] -to "SpdifOut:spdif_u_spdif_out|io_audio_samples_0[3]" -section_id auto_signaltap_1
set_instance_assignment -name CONNECT_TO_SLD_NODE_ENTITY_PORT acq_data_in[19] -to "SpdifOut:spdif_u_spdif_out|io_audio_samples_0[4]" -section_id auto_signaltap_1
set_instance_assignment -name CONNECT_TO_SLD_NODE_ENTITY_PORT acq_data_in[20] -to "SpdifOut:spdif_u_spdif_out|io_audio_samples_0[5]" -section_id auto_signaltap_1
set_instance_assignment -name CONNECT_TO_SLD_NODE_ENTITY_PORT acq_data_in[21] -to "SpdifOut:spdif_u_spdif_out|io_audio_samples_0[6]" -section_id auto_signaltap_1
set_instance_assignment -name CONNECT_TO_SLD_NODE_ENTITY_PORT acq_data_in[22] -to "SpdifOut:spdif_u_spdif_out|io_audio_samples_0[7]" -section_id auto_signaltap_1
set_instance_assignment -name CONNECT_TO_SLD_NODE_ENTITY_PORT acq_data_in[23] -to "SpdifOut:spdif_u_spdif_out|io_audio_samples_0[8]" -section_id auto_signaltap_1
set_instance_assignment -name CONNECT_TO_SLD_NODE_ENTITY_PORT acq_data_in[24] -to "SpdifOut:spdif_u_spdif_out|io_audio_samples_0[9]" -section_id auto_signaltap_1
set_instance_assignment -name CONNECT_TO_SLD_NODE_ENTITY_PORT acq_data_in[25] -to "SpdifOut:spdif_u_spdif_out|io_audio_samples_1[0]" -section_id auto_signaltap_1
set_instance_assignment -name CONNECT_TO_SLD_NODE_ENTITY_PORT acq_data_in[26] -to "SpdifOut:spdif_u_spdif_out|io_audio_samples_1[10]" -section_id auto_signaltap_1
set_instance_assignment -name CONNECT_TO_SLD_NODE_ENTITY_PORT acq_data_in[27] -to "SpdifOut:spdif_u_spdif_out|io_audio_samples_1[11]" -section_id auto_signaltap_1
set_instance_assignment -name CONNECT_TO_SLD_NODE_ENTITY_PORT acq_data_in[28] -to "SpdifOut:spdif_u_spdif_out|io_audio_samples_1[12]" -section_id auto_signaltap_1
set_instance_assignment -name CONNECT_TO_SLD_NODE_ENTITY_PORT acq_data_in[29] -to "SpdifOut:spdif_u_spdif_out|io_audio_samples_1[13]" -section_id auto_signaltap_1
set_instance_assignment -name CONNECT_TO_SLD_NODE_ENTITY_PORT acq_data_in[30] -to "SpdifOut:spdif_u_spdif_out|io_audio_samples_1[14]" -section_id auto_signaltap_1
set_instance_assignment -name CONNECT_TO_SLD_NODE_ENTITY_PORT acq_data_in[31] -to "SpdifOut:spdif_u_spdif_out|io_audio_samples_1[15]" -section_id auto_signaltap_1
set_instance_assignment -name CONNECT_TO_SLD_NODE_ENTITY_PORT acq_data_in[32] -to "SpdifOut:spdif_u_spdif_out|io_audio_samples_1[1]" -section_id auto_signaltap_1
set_instance_assignment -name CONNECT_TO_SLD_NODE_ENTITY_PORT acq_data_in[33] -to "SpdifOut:spdif_u_spdif_out|io_audio_samples_1[2]" -section_id auto_signaltap_1
set_instance_assignment -name CONNECT_TO_SLD_NODE_ENTITY_PORT acq_data_in[34] -to "SpdifOut:spdif_u_spdif_out|io_audio_samples_1[3]" -section_id auto_signaltap_1
set_instance_assignment -name CONNECT_TO_SLD_NODE_ENTITY_PORT acq_data_in[35] -to "SpdifOut:spdif_u_spdif_out|io_audio_samples_1[4]" -section_id auto_signaltap_1
set_instance_assignment -name CONNECT_TO_SLD_NODE_ENTITY_PORT acq_data_in[36] -to "SpdifOut:spdif_u_spdif_out|io_audio_samples_1[5]" -section_id auto_signaltap_1
set_instance_assignment -name CONNECT_TO_SLD_NODE_ENTITY_PORT acq_data_in[37] -to "SpdifOut:spdif_u_spdif_out|io_audio_samples_1[6]" -section_id auto_signaltap_1
set_instance_assignment -name CONNECT_TO_SLD_NODE_ENTITY_PORT acq_data_in[38] -to "SpdifOut:spdif_u_spdif_out|io_audio_samples_1[7]" -section_id auto_signaltap_1
set_instance_assignment -name CONNECT_TO_SLD_NODE_ENTITY_PORT acq_data_in[39] -to "SpdifOut:spdif_u_spdif_out|io_audio_samples_1[8]" -section_id auto_signaltap_1
set_instance_assignment -name CONNECT_TO_SLD_NODE_ENTITY_PORT acq_data_in[40] -to "SpdifOut:spdif_u_spdif_out|io_audio_samples_1[9]" -section_id auto_signaltap_1
set_instance_assignment -name CONNECT_TO_SLD_NODE_ENTITY_PORT acq_data_in[41] -to "SpdifOut:spdif_u_spdif_out|io_audio_samples_rdy" -section_id auto_signaltap_1
set_instance_assignment -name CONNECT_TO_SLD_NODE_ENTITY_PORT acq_data_in[42] -to "SpdifOut:spdif_u_spdif_out|output_data[0]" -section_id auto_signaltap_1
set_instance_assignment -name CONNECT_TO_SLD_NODE_ENTITY_PORT acq_data_in[43] -to "SpdifOut:spdif_u_spdif_out|output_data[10]" -section_id auto_signaltap_1
set_instance_assignment -name CONNECT_TO_SLD_NODE_ENTITY_PORT acq_data_in[44] -to "SpdifOut:spdif_u_spdif_out|output_data[11]" -section_id auto_signaltap_1
set_instance_assignment -name CONNECT_TO_SLD_NODE_ENTITY_PORT acq_data_in[45] -to "SpdifOut:spdif_u_spdif_out|output_data[12]" -section_id auto_signaltap_1
set_instance_assignment -name CONNECT_TO_SLD_NODE_ENTITY_PORT acq_data_in[46] -to "SpdifOut:spdif_u_spdif_out|output_data[13]" -section_id auto_signaltap_1
set_instance_assignment -name CONNECT_TO_SLD_NODE_ENTITY_PORT acq_data_in[47] -to "SpdifOut:spdif_u_spdif_out|output_data[14]" -section_id auto_signaltap_1
set_instance_assignment -name CONNECT_TO_SLD_NODE_ENTITY_PORT acq_data_in[48] -to "SpdifOut:spdif_u_spdif_out|output_data[15]" -section_id auto_signaltap_1
set_instance_assignment -name CONNECT_TO_SLD_NODE_ENTITY_PORT acq_data_in[49] -to "SpdifOut:spdif_u_spdif_out|output_data[16]" -section_id auto_signaltap_1
set_instance_assignment -name CONNECT_TO_SLD_NODE_ENTITY_PORT acq_data_in[50] -to "SpdifOut:spdif_u_spdif_out|output_data[17]" -section_id auto_signaltap_1
set_instance_assignment -name CONNECT_TO_SLD_NODE_ENTITY_PORT acq_data_in[51] -to "SpdifOut:spdif_u_spdif_out|output_data[18]" -section_id auto_signaltap_1
set_instance_assignment -name CONNECT_TO_SLD_NODE_ENTITY_PORT acq_data_in[52] -to "SpdifOut:spdif_u_spdif_out|output_data[19]" -section_id auto_signaltap_1
set_instance_assignment -name CONNECT_TO_SLD_NODE_ENTITY_PORT acq_data_in[53] -to "SpdifOut:spdif_u_spdif_out|output_data[1]" -section_id auto_signaltap_1
set_instance_assignment -name CONNECT_TO_SLD_NODE_ENTITY_PORT acq_data_in[54] -to "SpdifOut:spdif_u_spdif_out|output_data[20]" -section_id auto_signaltap_1
set_instance_assignment -name CONNECT_TO_SLD_NODE_ENTITY_PORT acq_data_in[55] -to "SpdifOut:spdif_u_spdif_out|output_data[21]" -section_id auto_signaltap_1
set_instance_assignment -name CONNECT_TO_SLD_NODE_ENTITY_PORT acq_data_in[56] -to "SpdifOut:spdif_u_spdif_out|output_data[22]" -section_id auto_signaltap_1
set_instance_assignment -name CONNECT_TO_SLD_NODE_ENTITY_PORT acq_data_in[57] -to "SpdifOut:spdif_u_spdif_out|output_data[23]" -section_id auto_signaltap_1
set_instance_assignment -name CONNECT_TO_SLD_NODE_ENTITY_PORT acq_data_in[58] -to "SpdifOut:spdif_u_spdif_out|output_data[24]" -section_id auto_signaltap_1
set_instance_assignment -name CONNECT_TO_SLD_NODE_ENTITY_PORT acq_data_in[59] -to "SpdifOut:spdif_u_spdif_out|output_data[25]" -section_id auto_signaltap_1
set_instance_assignment -name CONNECT_TO_SLD_NODE_ENTITY_PORT acq_data_in[60] -to "SpdifOut:spdif_u_spdif_out|output_data[26]" -section_id auto_signaltap_1
set_instance_assignment -name CONNECT_TO_SLD_NODE_ENTITY_PORT acq_data_in[61] -to "SpdifOut:spdif_u_spdif_out|output_data[27]" -section_id auto_signaltap_1
set_instance_assignment -name CONNECT_TO_SLD_NODE_ENTITY_PORT acq_data_in[62] -to "SpdifOut:spdif_u_spdif_out|output_data[28]" -section_id auto_signaltap_1
set_instance_assignment -name CONNECT_TO_SLD_NODE_ENTITY_PORT acq_data_in[63] -to "SpdifOut:spdif_u_spdif_out|output_data[29]" -section_id auto_signaltap_1
set_instance_assignment -name CONNECT_TO_SLD_NODE_ENTITY_PORT acq_data_in[64] -to "SpdifOut:spdif_u_spdif_out|output_data[2]" -section_id auto_signaltap_1
set_instance_assignment -name CONNECT_TO_SLD_NODE_ENTITY_PORT acq_data_in[65] -to "SpdifOut:spdif_u_spdif_out|output_data[30]" -section_id auto_signaltap_1
set_instance_assignment -name CONNECT_TO_SLD_NODE_ENTITY_PORT acq_data_in[66] -to "SpdifOut:spdif_u_spdif_out|output_data[31]" -section_id auto_signaltap_1
set_instance_assignment -name CONNECT_TO_SLD_NODE_ENTITY_PORT acq_data_in[67] -to "SpdifOut:spdif_u_spdif_out|output_data[3]" -section_id auto_signaltap_1
set_instance_assignment -name CONNECT_TO_SLD_NODE_ENTITY_PORT acq_data_in[68] -to "SpdifOut:spdif_u_spdif_out|output_data[4]" -section_id auto_signaltap_1
set_instance_assignment -name CONNECT_TO_SLD_NODE_ENTITY_PORT acq_data_in[69] -to "SpdifOut:spdif_u_spdif_out|output_data[5]" -section_id auto_signaltap_1
set_instance_assignment -name CONNECT_TO_SLD_NODE_ENTITY_PORT acq_data_in[70] -to "SpdifOut:spdif_u_spdif_out|output_data[6]" -section_id auto_signaltap_1
set_instance_assignment -name CONNECT_TO_SLD_NODE_ENTITY_PORT acq_data_in[71] -to "SpdifOut:spdif_u_spdif_out|output_data[7]" -section_id auto_signaltap_1
set_instance_assignment -name CONNECT_TO_SLD_NODE_ENTITY_PORT acq_data_in[72] -to "SpdifOut:spdif_u_spdif_out|output_data[8]" -section_id auto_signaltap_1
set_instance_assignment -name CONNECT_TO_SLD_NODE_ENTITY_PORT acq_data_in[73] -to "SpdifOut:spdif_u_spdif_out|output_data[9]" -section_id auto_signaltap_1
set_instance_assignment -name CONNECT_TO_SLD_NODE_ENTITY_PORT acq_data_in[74] -to "SpdifOut:spdif_u_spdif_out|preamble[0]" -section_id auto_signaltap_1
set_instance_assignment -name CONNECT_TO_SLD_NODE_ENTITY_PORT acq_data_in[75] -to "SpdifOut:spdif_u_spdif_out|preamble[1]" -section_id auto_signaltap_1
set_instance_assignment -name CONNECT_TO_SLD_NODE_ENTITY_PORT acq_data_in[76] -to "SpdifOut:spdif_u_spdif_out|preamble[2]" -section_id auto_signaltap_1
set_instance_assignment -name CONNECT_TO_SLD_NODE_ENTITY_PORT acq_data_in[77] -to "SpdifOut:spdif_u_spdif_out|preamble[3]" -section_id auto_signaltap_1
set_instance_assignment -name CONNECT_TO_SLD_NODE_ENTITY_PORT acq_data_in[78] -to "SpdifOut:spdif_u_spdif_out|preamble[4]" -section_id auto_signaltap_1
set_instance_assignment -name CONNECT_TO_SLD_NODE_ENTITY_PORT acq_data_in[79] -to "SpdifOut:spdif_u_spdif_out|preamble[5]" -section_id auto_signaltap_1
set_instance_assignment -name CONNECT_TO_SLD_NODE_ENTITY_PORT acq_data_in[80] -to "SpdifOut:spdif_u_spdif_out|preamble[6]" -section_id auto_signaltap_1
set_instance_assignment -name CONNECT_TO_SLD_NODE_ENTITY_PORT acq_data_in[81] -to "SpdifOut:spdif_u_spdif_out|preamble[7]" -section_id auto_signaltap_1
set_instance_assignment -name CONNECT_TO_SLD_NODE_ENTITY_PORT acq_data_in[82] -to "SpdifOut:spdif_u_spdif_out|preceding_state" -section_id auto_signaltap_1
set_instance_assignment -name CONNECT_TO_SLD_NODE_ENTITY_PORT acq_data_in[83] -to "SpdifOut:spdif_u_spdif_out|spdif_out" -section_id auto_signaltap_1
set_instance_assignment -name CONNECT_TO_SLD_NODE_ENTITY_PORT acq_data_in[84] -to "SpdifOut:spdif_u_spdif_out|subframe_cntr_value[0]" -section_id auto_signaltap_1
set_instance_assignment -name CONNECT_TO_SLD_NODE_ENTITY_PORT acq_data_in[85] -to "SpdifOut:spdif_u_spdif_out|subframe_cntr_willOverflow" -section_id auto_signaltap_1
set_instance_assignment -name CONNECT_TO_SLD_NODE_ENTITY_PORT acq_data_in[86] -to "SpdifOut:spdif_u_spdif_out|time_slot_cntr_value[0]" -section_id auto_signaltap_1
set_instance_assignment -name CONNECT_TO_SLD_NODE_ENTITY_PORT acq_data_in[87] -to "SpdifOut:spdif_u_spdif_out|time_slot_cntr_value[1]" -section_id auto_signaltap_1
set_instance_assignment -name CONNECT_TO_SLD_NODE_ENTITY_PORT acq_data_in[88] -to "SpdifOut:spdif_u_spdif_out|time_slot_cntr_value[2]" -section_id auto_signaltap_1
set_instance_assignment -name CONNECT_TO_SLD_NODE_ENTITY_PORT acq_data_in[89] -to "SpdifOut:spdif_u_spdif_out|time_slot_cntr_value[3]" -section_id auto_signaltap_1
set_instance_assignment -name CONNECT_TO_SLD_NODE_ENTITY_PORT acq_data_in[90] -to "SpdifOut:spdif_u_spdif_out|time_slot_cntr_value[4]" -section_id auto_signaltap_1
set_instance_assignment -name CONNECT_TO_SLD_NODE_ENTITY_PORT acq_data_in[91] -to "SpdifOut:spdif_u_spdif_out|time_slot_cntr_value[5]" -section_id auto_signaltap_1
set_instance_assignment -name CONNECT_TO_SLD_NODE_ENTITY_PORT acq_storage_qualifier_in[0] -to "SpdifOut:spdif_u_spdif_out|frame_cntr_value[0]" -section_id auto_signaltap_1
set_instance_assignment -name CONNECT_TO_SLD_NODE_ENTITY_PORT acq_storage_qualifier_in[1] -to "SpdifOut:spdif_u_spdif_out|frame_cntr_value[1]" -section_id auto_signaltap_1
set_instance_assignment -name CONNECT_TO_SLD_NODE_ENTITY_PORT acq_storage_qualifier_in[2] -to "SpdifOut:spdif_u_spdif_out|frame_cntr_value[2]" -section_id auto_signaltap_1
set_instance_assignment -name CONNECT_TO_SLD_NODE_ENTITY_PORT acq_storage_qualifier_in[3] -to "SpdifOut:spdif_u_spdif_out|frame_cntr_value[3]" -section_id auto_signaltap_1
set_instance_assignment -name CONNECT_TO_SLD_NODE_ENTITY_PORT acq_storage_qualifier_in[4] -to "SpdifOut:spdif_u_spdif_out|frame_cntr_value[4]" -section_id auto_signaltap_1
set_instance_assignment -name CONNECT_TO_SLD_NODE_ENTITY_PORT acq_storage_qualifier_in[5] -to "SpdifOut:spdif_u_spdif_out|frame_cntr_value[5]" -section_id auto_signaltap_1
set_instance_assignment -name CONNECT_TO_SLD_NODE_ENTITY_PORT acq_storage_qualifier_in[6] -to "SpdifOut:spdif_u_spdif_out|frame_cntr_value[6]" -section_id auto_signaltap_1
set_instance_assignment -name CONNECT_TO_SLD_NODE_ENTITY_PORT acq_storage_qualifier_in[7] -to "SpdifOut:spdif_u_spdif_out|frame_cntr_value[7]" -section_id auto_signaltap_1
set_instance_assignment -name CONNECT_TO_SLD_NODE_ENTITY_PORT acq_storage_qualifier_in[8] -to "SpdifOut:spdif_u_spdif_out|frame_cntr_willOverflow" -section_id auto_signaltap_1
set_instance_assignment -name CONNECT_TO_SLD_NODE_ENTITY_PORT acq_storage_qualifier_in[9] -to "SpdifOut:spdif_u_spdif_out|io_audio_samples_0[0]" -section_id auto_signaltap_1
set_instance_assignment -name CONNECT_TO_SLD_NODE_ENTITY_PORT acq_storage_qualifier_in[10] -to "SpdifOut:spdif_u_spdif_out|io_audio_samples_0[10]" -section_id auto_signaltap_1
set_instance_assignment -name CONNECT_TO_SLD_NODE_ENTITY_PORT acq_storage_qualifier_in[11] -to "SpdifOut:spdif_u_spdif_out|io_audio_samples_0[11]" -section_id auto_signaltap_1
set_instance_assignment -name CONNECT_TO_SLD_NODE_ENTITY_PORT acq_storage_qualifier_in[12] -to "SpdifOut:spdif_u_spdif_out|io_audio_samples_0[12]" -section_id auto_signaltap_1
set_instance_assignment -name CONNECT_TO_SLD_NODE_ENTITY_PORT acq_storage_qualifier_in[13] -to "SpdifOut:spdif_u_spdif_out|io_audio_samples_0[13]" -section_id auto_signaltap_1
set_instance_assignment -name CONNECT_TO_SLD_NODE_ENTITY_PORT acq_storage_qualifier_in[14] -to "SpdifOut:spdif_u_spdif_out|io_audio_samples_0[14]" -section_id auto_signaltap_1
set_instance_assignment -name CONNECT_TO_SLD_NODE_ENTITY_PORT acq_storage_qualifier_in[15] -to "SpdifOut:spdif_u_spdif_out|io_audio_samples_0[15]" -section_id auto_signaltap_1
set_instance_assignment -name CONNECT_TO_SLD_NODE_ENTITY_PORT acq_storage_qualifier_in[16] -to "SpdifOut:spdif_u_spdif_out|io_audio_samples_0[1]" -section_id auto_signaltap_1
set_instance_assignment -name CONNECT_TO_SLD_NODE_ENTITY_PORT acq_storage_qualifier_in[17] -to "SpdifOut:spdif_u_spdif_out|io_audio_samples_0[2]" -section_id auto_signaltap_1
set_instance_assignment -name CONNECT_TO_SLD_NODE_ENTITY_PORT acq_storage_qualifier_in[18] -to "SpdifOut:spdif_u_spdif_out|io_audio_samples_0[3]" -section_id auto_signaltap_1
set_instance_assignment -name CONNECT_TO_SLD_NODE_ENTITY_PORT acq_storage_qualifier_in[19] -to "SpdifOut:spdif_u_spdif_out|io_audio_samples_0[4]" -section_id auto_signaltap_1
set_instance_assignment -name CONNECT_TO_SLD_NODE_ENTITY_PORT acq_storage_qualifier_in[20] -to "SpdifOut:spdif_u_spdif_out|io_audio_samples_0[5]" -section_id auto_signaltap_1
set_instance_assignment -name CONNECT_TO_SLD_NODE_ENTITY_PORT acq_storage_qualifier_in[21] -to "SpdifOut:spdif_u_spdif_out|io_audio_samples_0[6]" -section_id auto_signaltap_1
set_instance_assignment -name CONNECT_TO_SLD_NODE_ENTITY_PORT acq_storage_qualifier_in[22] -to "SpdifOut:spdif_u_spdif_out|io_audio_samples_0[7]" -section_id auto_signaltap_1
set_instance_assignment -name CONNECT_TO_SLD_NODE_ENTITY_PORT acq_storage_qualifier_in[23] -to "SpdifOut:spdif_u_spdif_out|io_audio_samples_0[8]" -section_id auto_signaltap_1
set_instance_assignment -name CONNECT_TO_SLD_NODE_ENTITY_PORT acq_storage_qualifier_in[24] -to "SpdifOut:spdif_u_spdif_out|io_audio_samples_0[9]" -section_id auto_signaltap_1
set_instance_assignment -name CONNECT_TO_SLD_NODE_ENTITY_PORT acq_storage_qualifier_in[25] -to "SpdifOut:spdif_u_spdif_out|io_audio_samples_1[0]" -section_id auto_signaltap_1
set_instance_assignment -name CONNECT_TO_SLD_NODE_ENTITY_PORT acq_storage_qualifier_in[26] -to "SpdifOut:spdif_u_spdif_out|io_audio_samples_1[10]" -section_id auto_signaltap_1
set_instance_assignment -name CONNECT_TO_SLD_NODE_ENTITY_PORT acq_storage_qualifier_in[27] -to "SpdifOut:spdif_u_spdif_out|io_audio_samples_1[11]" -section_id auto_signaltap_1
set_instance_assignment -name CONNECT_TO_SLD_NODE_ENTITY_PORT acq_storage_qualifier_in[28] -to "SpdifOut:spdif_u_spdif_out|io_audio_samples_1[12]" -section_id auto_signaltap_1
set_instance_assignment -name CONNECT_TO_SLD_NODE_ENTITY_PORT acq_storage_qualifier_in[29] -to "SpdifOut:spdif_u_spdif_out|io_audio_samples_1[13]" -section_id auto_signaltap_1
set_instance_assignment -name CONNECT_TO_SLD_NODE_ENTITY_PORT acq_storage_qualifier_in[30] -to "SpdifOut:spdif_u_spdif_out|io_audio_samples_1[14]" -section_id auto_signaltap_1
set_instance_assignment -name CONNECT_TO_SLD_NODE_ENTITY_PORT acq_storage_qualifier_in[31] -to "SpdifOut:spdif_u_spdif_out|io_audio_samples_1[15]" -section_id auto_signaltap_1
set_instance_assignment -name CONNECT_TO_SLD_NODE_ENTITY_PORT acq_storage_qualifier_in[32] -to "SpdifOut:spdif_u_spdif_out|io_audio_samples_1[1]" -section_id auto_signaltap_1
set_instance_assignment -name CONNECT_TO_SLD_NODE_ENTITY_PORT acq_storage_qualifier_in[33] -to "SpdifOut:spdif_u_spdif_out|io_audio_samples_1[2]" -section_id auto_signaltap_1
set_instance_assignment -name CONNECT_TO_SLD_NODE_ENTITY_PORT acq_storage_qualifier_in[34] -to "SpdifOut:spdif_u_spdif_out|io_audio_samples_1[3]" -section_id auto_signaltap_1
set_instance_assignment -name CONNECT_TO_SLD_NODE_ENTITY_PORT acq_storage_qualifier_in[35] -to "SpdifOut:spdif_u_spdif_out|io_audio_samples_1[4]" -section_id auto_signaltap_1
set_instance_assignment -name CONNECT_TO_SLD_NODE_ENTITY_PORT acq_storage_qualifier_in[36] -to "SpdifOut:spdif_u_spdif_out|io_audio_samples_1[5]" -section_id auto_signaltap_1
set_instance_assignment -name CONNECT_TO_SLD_NODE_ENTITY_PORT acq_storage_qualifier_in[37] -to "SpdifOut:spdif_u_spdif_out|io_audio_samples_1[6]" -section_id auto_signaltap_1
set_instance_assignment -name CONNECT_TO_SLD_NODE_ENTITY_PORT acq_storage_qualifier_in[38] -to "SpdifOut:spdif_u_spdif_out|io_audio_samples_1[7]" -section_id auto_signaltap_1
set_instance_assignment -name CONNECT_TO_SLD_NODE_ENTITY_PORT acq_storage_qualifier_in[39] -to "SpdifOut:spdif_u_spdif_out|io_audio_samples_1[8]" -section_id auto_signaltap_1
set_instance_assignment -name CONNECT_TO_SLD_NODE_ENTITY_PORT acq_storage_qualifier_in[40] -to "SpdifOut:spdif_u_spdif_out|io_audio_samples_1[9]" -section_id auto_signaltap_1
set_instance_assignment -name CONNECT_TO_SLD_NODE_ENTITY_PORT acq_storage_qualifier_in[41] -to "SpdifOut:spdif_u_spdif_out|io_audio_samples_rdy" -section_id auto_signaltap_1
set_instance_assignment -name CONNECT_TO_SLD_NODE_ENTITY_PORT acq_storage_qualifier_in[42] -to "SpdifOut:spdif_u_spdif_out|output_data[0]" -section_id auto_signaltap_1
set_instance_assignment -name CONNECT_TO_SLD_NODE_ENTITY_PORT acq_storage_qualifier_in[43] -to "SpdifOut:spdif_u_spdif_out|output_data[10]" -section_id auto_signaltap_1
set_instance_assignment -name CONNECT_TO_SLD_NODE_ENTITY_PORT acq_storage_qualifier_in[44] -to "SpdifOut:spdif_u_spdif_out|output_data[11]" -section_id auto_signaltap_1
set_instance_assignment -name CONNECT_TO_SLD_NODE_ENTITY_PORT acq_storage_qualifier_in[45] -to "SpdifOut:spdif_u_spdif_out|output_data[12]" -section_id auto_signaltap_1
set_instance_assignment -name CONNECT_TO_SLD_NODE_ENTITY_PORT acq_storage_qualifier_in[46] -to "SpdifOut:spdif_u_spdif_out|output_data[13]" -section_id auto_signaltap_1
set_instance_assignment -name CONNECT_TO_SLD_NODE_ENTITY_PORT acq_storage_qualifier_in[47] -to "SpdifOut:spdif_u_spdif_out|output_data[14]" -section_id auto_signaltap_1
set_instance_assignment -name CONNECT_TO_SLD_NODE_ENTITY_PORT acq_storage_qualifier_in[48] -to "SpdifOut:spdif_u_spdif_out|output_data[15]" -section_id auto_signaltap_1
set_instance_assignment -name CONNECT_TO_SLD_NODE_ENTITY_PORT acq_storage_qualifier_in[49] -to "SpdifOut:spdif_u_spdif_out|output_data[16]" -section_id auto_signaltap_1
set_instance_assignment -name CONNECT_TO_SLD_NODE_ENTITY_PORT acq_storage_qualifier_in[50] -to "SpdifOut:spdif_u_spdif_out|output_data[17]" -section_id auto_signaltap_1
set_instance_assignment -name CONNECT_TO_SLD_NODE_ENTITY_PORT acq_storage_qualifier_in[51] -to "SpdifOut:spdif_u_spdif_out|output_data[18]" -section_id auto_signaltap_1
set_instance_assignment -name CONNECT_TO_SLD_NODE_ENTITY_PORT acq_storage_qualifier_in[52] -to "SpdifOut:spdif_u_spdif_out|output_data[19]" -section_id auto_signaltap_1
set_instance_assignment -name CONNECT_TO_SLD_NODE_ENTITY_PORT acq_storage_qualifier_in[53] -to "SpdifOut:spdif_u_spdif_out|output_data[1]" -section_id auto_signaltap_1
set_instance_assignment -name CONNECT_TO_SLD_NODE_ENTITY_PORT acq_storage_qualifier_in[54] -to "SpdifOut:spdif_u_spdif_out|output_data[20]" -section_id auto_signaltap_1
set_instance_assignment -name CONNECT_TO_SLD_NODE_ENTITY_PORT acq_storage_qualifier_in[55] -to "SpdifOut:spdif_u_spdif_out|output_data[21]" -section_id auto_signaltap_1
set_instance_assignment -name CONNECT_TO_SLD_NODE_ENTITY_PORT acq_storage_qualifier_in[56] -to "SpdifOut:spdif_u_spdif_out|output_data[22]" -section_id auto_signaltap_1
set_instance_assignment -name CONNECT_TO_SLD_NODE_ENTITY_PORT acq_storage_qualifier_in[57] -to "SpdifOut:spdif_u_spdif_out|output_data[23]" -section_id auto_signaltap_1
set_instance_assignment -name CONNECT_TO_SLD_NODE_ENTITY_PORT acq_storage_qualifier_in[58] -to "SpdifOut:spdif_u_spdif_out|output_data[24]" -section_id auto_signaltap_1
set_instance_assignment -name CONNECT_TO_SLD_NODE_ENTITY_PORT acq_storage_qualifier_in[59] -to "SpdifOut:spdif_u_spdif_out|output_data[25]" -section_id auto_signaltap_1
set_instance_assignment -name CONNECT_TO_SLD_NODE_ENTITY_PORT acq_storage_qualifier_in[60] -to "SpdifOut:spdif_u_spdif_out|output_data[26]" -section_id auto_signaltap_1
set_instance_assignment -name CONNECT_TO_SLD_NODE_ENTITY_PORT acq_storage_qualifier_in[61] -to "SpdifOut:spdif_u_spdif_out|output_data[27]" -section_id auto_signaltap_1
set_instance_assignment -name CONNECT_TO_SLD_NODE_ENTITY_PORT acq_storage_qualifier_in[62] -to "SpdifOut:spdif_u_spdif_out|output_data[28]" -section_id auto_signaltap_1
set_instance_assignment -name CONNECT_TO_SLD_NODE_ENTITY_PORT acq_storage_qualifier_in[63] -to "SpdifOut:spdif_u_spdif_out|output_data[29]" -section_id auto_signaltap_1
set_instance_assignment -name CONNECT_TO_SLD_NODE_ENTITY_PORT acq_storage_qualifier_in[64] -to "SpdifOut:spdif_u_spdif_out|output_data[2]" -section_id auto_signaltap_1
set_instance_assignment -name CONNECT_TO_SLD_NODE_ENTITY_PORT acq_storage_qualifier_in[65] -to "SpdifOut:spdif_u_spdif_out|output_data[30]" -section_id auto_signaltap_1
set_instance_assignment -name CONNECT_TO_SLD_NODE_ENTITY_PORT acq_storage_qualifier_in[66] -to "SpdifOut:spdif_u_spdif_out|output_data[31]" -section_id auto_signaltap_1
set_instance_assignment -name CONNECT_TO_SLD_NODE_ENTITY_PORT acq_storage_qualifier_in[67] -to "SpdifOut:spdif_u_spdif_out|output_data[3]" -section_id auto_signaltap_1
set_instance_assignment -name CONNECT_TO_SLD_NODE_ENTITY_PORT acq_storage_qualifier_in[68] -to "SpdifOut:spdif_u_spdif_out|output_data[4]" -section_id auto_signaltap_1
set_instance_assignment -name CONNECT_TO_SLD_NODE_ENTITY_PORT acq_storage_qualifier_in[69] -to "SpdifOut:spdif_u_spdif_out|output_data[5]" -section_id auto_signaltap_1
set_instance_assignment -name CONNECT_TO_SLD_NODE_ENTITY_PORT acq_storage_qualifier_in[70] -to "SpdifOut:spdif_u_spdif_out|output_data[6]" -section_id auto_signaltap_1
set_instance_assignment -name CONNECT_TO_SLD_NODE_ENTITY_PORT acq_storage_qualifier_in[71] -to "SpdifOut:spdif_u_spdif_out|output_data[7]" -section_id auto_signaltap_1
set_instance_assignment -name CONNECT_TO_SLD_NODE_ENTITY_PORT acq_storage_qualifier_in[72] -to "SpdifOut:spdif_u_spdif_out|output_data[8]" -section_id auto_signaltap_1
set_instance_assignment -name CONNECT_TO_SLD_NODE_ENTITY_PORT acq_storage_qualifier_in[73] -to "SpdifOut:spdif_u_spdif_out|output_data[9]" -section_id auto_signaltap_1
set_instance_assignment -name CONNECT_TO_SLD_NODE_ENTITY_PORT acq_storage_qualifier_in[74] -to "SpdifOut:spdif_u_spdif_out|preamble[0]" -section_id auto_signaltap_1
set_instance_assignment -name CONNECT_TO_SLD_NODE_ENTITY_PORT acq_storage_qualifier_in[75] -to "SpdifOut:spdif_u_spdif_out|preamble[1]" -section_id auto_signaltap_1
set_instance_assignment -name CONNECT_TO_SLD_NODE_ENTITY_PORT acq_storage_qualifier_in[76] -to "SpdifOut:spdif_u_spdif_out|preamble[2]" -section_id auto_signaltap_1
set_instance_assignment -name CONNECT_TO_SLD_NODE_ENTITY_PORT acq_storage_qualifier_in[77] -to "SpdifOut:spdif_u_spdif_out|preamble[3]" -section_id auto_signaltap_1
set_instance_assignment -name CONNECT_TO_SLD_NODE_ENTITY_PORT acq_storage_qualifier_in[78] -to "SpdifOut:spdif_u_spdif_out|preamble[4]" -section_id auto_signaltap_1
set_instance_assignment -name CONNECT_TO_SLD_NODE_ENTITY_PORT acq_storage_qualifier_in[79] -to "SpdifOut:spdif_u_spdif_out|preamble[5]" -section_id auto_signaltap_1
set_instance_assignment -name CONNECT_TO_SLD_NODE_ENTITY_PORT acq_storage_qualifier_in[80] -to "SpdifOut:spdif_u_spdif_out|preamble[6]" -section_id auto_signaltap_1
set_instance_assignment -name CONNECT_TO_SLD_NODE_ENTITY_PORT acq_storage_qualifier_in[81] -to "SpdifOut:spdif_u_spdif_out|preamble[7]" -section_id auto_signaltap_1
set_instance_assignment -name CONNECT_TO_SLD_NODE_ENTITY_PORT acq_storage_qualifier_in[82] -to "SpdifOut:spdif_u_spdif_out|preceding_state" -section_id auto_signaltap_1
set_instance_assignment -name CONNECT_TO_SLD_NODE_ENTITY_PORT acq_storage_qualifier_in[83] -to "SpdifOut:spdif_u_spdif_out|spdif_out" -section_id auto_signaltap_1
set_instance_assignment -name CONNECT_TO_SLD_NODE_ENTITY_PORT acq_storage_qualifier_in[84] -to "SpdifOut:spdif_u_spdif_out|subframe_cntr_value[0]" -section_id auto_signaltap_1
set_instance_assignment -name CONNECT_TO_SLD_NODE_ENTITY_PORT acq_storage_qualifier_in[85] -to "SpdifOut:spdif_u_spdif_out|subframe_cntr_willOverflow" -section_id auto_signaltap_1
set_instance_assignment -name CONNECT_TO_SLD_NODE_ENTITY_PORT acq_storage_qualifier_in[86] -to "SpdifOut:spdif_u_spdif_out|time_slot_cntr_value[0]" -section_id auto_signaltap_1
set_instance_assignment -name CONNECT_TO_SLD_NODE_ENTITY_PORT acq_storage_qualifier_in[87] -to "SpdifOut:spdif_u_spdif_out|time_slot_cntr_value[1]" -section_id auto_signaltap_1
set_instance_assignment -name CONNECT_TO_SLD_NODE_ENTITY_PORT acq_storage_qualifier_in[88] -to "SpdifOut:spdif_u_spdif_out|time_slot_cntr_value[2]" -section_id auto_signaltap_1
set_instance_assignment -name CONNECT_TO_SLD_NODE_ENTITY_PORT acq_storage_qualifier_in[89] -to "SpdifOut:spdif_u_spdif_out|time_slot_cntr_value[3]" -section_id auto_signaltap_1
set_instance_assignment -name CONNECT_TO_SLD_NODE_ENTITY_PORT acq_storage_qualifier_in[90] -to "SpdifOut:spdif_u_spdif_out|time_slot_cntr_value[4]" -section_id auto_signaltap_1
set_instance_assignment -name CONNECT_TO_SLD_NODE_ENTITY_PORT acq_storage_qualifier_in[91] -to "SpdifOut:spdif_u_spdif_out|time_slot_cntr_value[5]" -section_id auto_signaltap_1
set_global_assignment -name SLD_NODE_PARAMETER_ASSIGNMENT "SLD_RAM_BLOCK_TYPE=AUTO" -section_id auto_signaltap_1
set_global_assignment -name SLD_NODE_PARAMETER_ASSIGNMENT "SLD_DATA_BITS=92" -section_id auto_signaltap_1
set_global_assignment -name SLD_NODE_PARAMETER_ASSIGNMENT "SLD_TRIGGER_BITS=92" -section_id auto_signaltap_1
set_global_assignment -name SLD_NODE_PARAMETER_ASSIGNMENT "SLD_STORAGE_QUALIFIER_BITS=92" -section_id auto_signaltap_1
set_global_assignment -name SLD_NODE_PARAMETER_ASSIGNMENT "SLD_NODE_INFO=805334529" -section_id auto_signaltap_1
set_global_assignment -name SLD_NODE_PARAMETER_ASSIGNMENT "SLD_POWER_UP_TRIGGER=0" -section_id auto_signaltap_1
set_global_assignment -name SLD_NODE_PARAMETER_ASSIGNMENT "SLD_INVERSION_MASK=0000000000000000000000000000000000000000000000000000000000000000000000000000000000000000000000000000000000000000000000000000000000000000000000000000000000000000000000000000000000000000000000000000000000000000000000000000000000000000000000000000000000000000000000000000000000000000000000000000000000000000000000000000000000000000000000000000000000000000000000000000000000000000000000000000000000000000000000000000000000000000000000000000000000000000000000000000000000000000000000000000000000000000000000000000000000000000000000000000000000000000000000000000000000000000000000000000000000000000000000000000000000000000000000000000000000000000000000000000000000000000000000000000000000000000000000000000000000000000000000000000000000000000000000000000000000000000000000000000000000000000000000000000000000000000000000000000000000000000000000000000000000000000000000000000000000000000000000000000000000000000000000000000000000000000000000000000000000000000000000000000000000000000000000000000000000000000000000000000000000000000000000000000000000000000000000000000000000000000000000000000000000000000000000000000000000000000000000000" -section_id auto_signaltap_1
set_global_assignment -name SLD_NODE_PARAMETER_ASSIGNMENT "SLD_INVERSION_MASK_LENGTH=1129" -section_id auto_signaltap_1
set_global_assignment -name SLD_NODE_PARAMETER_ASSIGNMENT "SLD_STORAGE_QUALIFIER_INVERSION_MASK_LENGTH=1" -section_id auto_signaltap_1
set_global_assignment -name SLD_NODE_PARAMETER_ASSIGNMENT "SLD_SEGMENT_SIZE=1024" -section_id auto_signaltap_1
set_global_assignment -name SLD_NODE_PARAMETER_ASSIGNMENT "SLD_ATTRIBUTE_MEM_MODE=OFF" -section_id auto_signaltap_1
set_global_assignment -name SLD_NODE_PARAMETER_ASSIGNMENT "SLD_STATE_FLOW_USE_GENERATED=0" -section_id auto_signaltap_1
set_global_assignment -name SLD_NODE_PARAMETER_ASSIGNMENT "SLD_STATE_BITS=11" -section_id auto_signaltap_1
set_global_assignment -name SLD_NODE_PARAMETER_ASSIGNMENT "SLD_BUFFER_FULL_STOP=1" -section_id auto_signaltap_1
set_global_assignment -name SLD_NODE_PARAMETER_ASSIGNMENT "SLD_CURRENT_RESOURCE_WIDTH=1" -section_id auto_signaltap_1
set_global_assignment -name SLD_NODE_PARAMETER_ASSIGNMENT "SLD_STORAGE_QUALIFIER_GAP_RECORD=0" -section_id auto_signaltap_1
set_global_assignment -name SLD_NODE_PARAMETER_ASSIGNMENT "SLD_STORAGE_QUALIFIER_MODE=COMBINATIONAL" -section_id auto_signaltap_1
set_global_assignment -name SLD_NODE_PARAMETER_ASSIGNMENT "SLD_INCREMENTAL_ROUTING=1" -section_id auto_signaltap_1
set_instance_assignment -name POST_FIT_CONNECT_TO_SLD_NODE_ENTITY_PORT crc[0] -to auto_signaltap_1|gnd -section_id auto_signaltap_1
set_instance_assignment -name POST_FIT_CONNECT_TO_SLD_NODE_ENTITY_PORT crc[1] -to auto_signaltap_1|vcc -section_id auto_signaltap_1
set_instance_assignment -name POST_FIT_CONNECT_TO_SLD_NODE_ENTITY_PORT crc[2] -to auto_signaltap_1|gnd -section_id auto_signaltap_1
set_instance_assignment -name POST_FIT_CONNECT_TO_SLD_NODE_ENTITY_PORT crc[3] -to auto_signaltap_1|vcc -section_id auto_signaltap_1
set_instance_assignment -name POST_FIT_CONNECT_TO_SLD_NODE_ENTITY_PORT crc[4] -to auto_signaltap_1|vcc -section_id auto_signaltap_1
set_instance_assignment -name POST_FIT_CONNECT_TO_SLD_NODE_ENTITY_PORT crc[5] -to auto_signaltap_1|gnd -section_id auto_signaltap_1
set_instance_assignment -name POST_FIT_CONNECT_TO_SLD_NODE_ENTITY_PORT crc[6] -to auto_signaltap_1|vcc -section_id auto_signaltap_1
set_instance_assignment -name POST_FIT_CONNECT_TO_SLD_NODE_ENTITY_PORT crc[7] -to auto_signaltap_1|vcc -section_id auto_signaltap_1
set_instance_assignment -name POST_FIT_CONNECT_TO_SLD_NODE_ENTITY_PORT crc[8] -to auto_signaltap_1|vcc -section_id auto_signaltap_1
set_instance_assignment -name POST_FIT_CONNECT_TO_SLD_NODE_ENTITY_PORT crc[9] -to auto_signaltap_1|gnd -section_id auto_signaltap_1
set_instance_assignment -name POST_FIT_CONNECT_TO_SLD_NODE_ENTITY_PORT crc[10] -to auto_signaltap_1|vcc -section_id auto_signaltap_1
set_instance_assignment -name POST_FIT_CONNECT_TO_SLD_NODE_ENTITY_PORT crc[11] -to auto_signaltap_1|gnd -section_id auto_signaltap_1
set_instance_assignment -name POST_FIT_CONNECT_TO_SLD_NODE_ENTITY_PORT crc[12] -to auto_signaltap_1|vcc -section_id auto_signaltap_1
set_instance_assignment -name POST_FIT_CONNECT_TO_SLD_NODE_ENTITY_PORT crc[13] -to auto_signaltap_1|vcc -section_id auto_signaltap_1
set_instance_assignment -name POST_FIT_CONNECT_TO_SLD_NODE_ENTITY_PORT crc[14] -to auto_signaltap_1|gnd -section_id auto_signaltap_1
set_instance_assignment -name POST_FIT_CONNECT_TO_SLD_NODE_ENTITY_PORT crc[15] -to auto_signaltap_1|vcc -section_id auto_signaltap_1
set_instance_assignment -name POST_FIT_CONNECT_TO_SLD_NODE_ENTITY_PORT crc[16] -to auto_signaltap_1|vcc -section_id auto_signaltap_1
set_instance_assignment -name POST_FIT_CONNECT_TO_SLD_NODE_ENTITY_PORT crc[17] -to auto_signaltap_1|vcc -section_id auto_signaltap_1
set_instance_assignment -name POST_FIT_CONNECT_TO_SLD_NODE_ENTITY_PORT crc[18] -to auto_signaltap_1|vcc -section_id auto_signaltap_1
set_instance_assignment -name POST_FIT_CONNECT_TO_SLD_NODE_ENTITY_PORT crc[19] -to auto_signaltap_1|vcc -section_id auto_signaltap_1
set_instance_assignment -name POST_FIT_CONNECT_TO_SLD_NODE_ENTITY_PORT crc[20] -to auto_signaltap_1|vcc -section_id auto_signaltap_1
set_instance_assignment -name POST_FIT_CONNECT_TO_SLD_NODE_ENTITY_PORT crc[21] -to auto_signaltap_1|vcc -section_id auto_signaltap_1
set_instance_assignment -name POST_FIT_CONNECT_TO_SLD_NODE_ENTITY_PORT crc[22] -to auto_signaltap_1|gnd -section_id auto_signaltap_1
set_instance_assignment -name POST_FIT_CONNECT_TO_SLD_NODE_ENTITY_PORT crc[23] -to auto_signaltap_1|vcc -section_id auto_signaltap_1
set_instance_assignment -name POST_FIT_CONNECT_TO_SLD_NODE_ENTITY_PORT crc[24] -to auto_signaltap_1|vcc -section_id auto_signaltap_1
set_instance_assignment -name POST_FIT_CONNECT_TO_SLD_NODE_ENTITY_PORT crc[25] -to auto_signaltap_1|gnd -section_id auto_signaltap_1
set_instance_assignment -name POST_FIT_CONNECT_TO_SLD_NODE_ENTITY_PORT crc[26] -to auto_signaltap_1|gnd -section_id auto_signaltap_1
set_instance_assignment -name POST_FIT_CONNECT_TO_SLD_NODE_ENTITY_PORT crc[27] -to auto_signaltap_1|gnd -section_id auto_signaltap_1
set_instance_assignment -name POST_FIT_CONNECT_TO_SLD_NODE_ENTITY_PORT crc[28] -to auto_signaltap_1|vcc -section_id auto_signaltap_1
set_instance_assignment -name POST_FIT_CONNECT_TO_SLD_NODE_ENTITY_PORT crc[29] -to auto_signaltap_1|gnd -section_id auto_signaltap_1
set_instance_assignment -name POST_FIT_CONNECT_TO_SLD_NODE_ENTITY_PORT crc[30] -to auto_signaltap_1|gnd -section_id auto_signaltap_1
set_instance_assignment -name POST_FIT_CONNECT_TO_SLD_NODE_ENTITY_PORT crc[31] -to auto_signaltap_1|vcc -section_id auto_signaltap_1
set_global_assignment -name SLD_NODE_PARAMETER_ASSIGNMENT "SLD_TRIGGER_LEVEL=5" -section_id auto_signaltap_1
set_global_assignment -name SLD_NODE_PARAMETER_ASSIGNMENT "SLD_SAMPLE_DEPTH=1024" -section_id auto_signaltap_1
set_global_assignment -name SLD_NODE_PARAMETER_ASSIGNMENT "SLD_TRIGGER_IN_ENABLED=0" -section_id auto_signaltap_1
set_global_assignment -name SLD_NODE_PARAMETER_ASSIGNMENT "SLD_TRIGGER_PIPELINE=0" -section_id auto_signaltap_1
set_global_assignment -name SLD_NODE_PARAMETER_ASSIGNMENT "SLD_RAM_PIPELINE=0" -section_id auto_signaltap_1
set_global_assignment -name SLD_NODE_PARAMETER_ASSIGNMENT "SLD_COUNTER_PIPELINE=0" -section_id auto_signaltap_1
set_global_assignment -name SLD_NODE_PARAMETER_ASSIGNMENT "SLD_ADVANCED_TRIGGER_ENTITY=basic,1,basic,1,sld_reserved_pdm_test_auto_signaltap_1_3_13b,basic,1,basic,1," -section_id auto_signaltap_1
set_global_assignment -name SLD_NODE_PARAMETER_ASSIGNMENT "SLD_TRIGGER_LEVEL_PIPELINE=1" -section_id auto_signaltap_1
set_global_assignment -name SLD_NODE_PARAMETER_ASSIGNMENT "SLD_ENABLE_ADVANCED_TRIGGER=1" -section_id auto_signaltap_1
set_global_assignment -name SLD_NODE_PARAMETER_ASSIGNMENT "SLD_STORAGE_QUALIFIER_ENABLE_ADVANCED_CONDITION=1" -section_id auto_signaltap_1
set_global_assignment -name SLD_NODE_PARAMETER_ASSIGNMENT "SLD_STORAGE_QUALIFIER_PIPELINE=1" -section_id auto_signaltap_1
set_global_assignment -name SLD_NODE_PARAMETER_ASSIGNMENT "SLD_STORAGE_QUALIFIER_ADVANCED_CONDITION_ENTITY=sld_reserved_sq_pdm_test_auto_signaltap_1_1_13b," -section_id auto_signaltap_1
set_instance_assignment -name PARTITION_HIERARCHY root_partition -to | -section_id Top
set_global_assignment -name SLD_FILE db/stp1_auto_stripped.stp